// !$*UTF8*$!
{
	archiveVersion = 1;
	classes = {
	};
	objectVersion = 46;
	objects = {

/* Begin PBXBuildFile section */
		0F008A1C18C195AE004CE84E /* beaver.sqlite in Resources */ = {isa = PBXBuildFile; fileRef = 0F008A1B18C195AE004CE84E /* beaver.sqlite */; };
		0F008A1F18C196CC004CE84E /* CPGoodsCategoryCell.m in Sources */ = {isa = PBXBuildFile; fileRef = 0F008A1E18C196CC004CE84E /* CPGoodsCategoryCell.m */; };
		0F00BE0718AE008A00D2C630 /* CPUnderLineButton.m in Sources */ = {isa = PBXBuildFile; fileRef = 0F00BE0618AE008A00D2C630 /* CPUnderLineButton.m */; };
		0F00BE0A18AE0F6600D2C630 /* CPCategoryViewController.m in Sources */ = {isa = PBXBuildFile; fileRef = 0F00BE0918AE0F6600D2C630 /* CPCategoryViewController.m */; };
		0F0B1180188B7E2A00CC376E /* Default.png in Resources */ = {isa = PBXBuildFile; fileRef = 0F0B117F188B7E2A00CC376E /* Default.png */; };
		0F0B1182188B8B1D00CC376E /* File7.jpg in Resources */ = {isa = PBXBuildFile; fileRef = 0F0B1181188B8B1D00CC376E /* File7.jpg */; };
		0F0B1185188BC22F00CC376E /* CPAlertView.m in Sources */ = {isa = PBXBuildFile; fileRef = 0F0B1184188BC22F00CC376E /* CPAlertView.m */; };
		0F0BE97418B06AA000CB7D86 /* CPGoodsCollection.m in Sources */ = {isa = PBXBuildFile; fileRef = 0F0BE97318B06AA000CB7D86 /* CPGoodsCollection.m */; };
		0F0E8A5E18B9C9D5008CE3D8 /* CPGoodsCountIndicator.m in Sources */ = {isa = PBXBuildFile; fileRef = 0F0E8A5D18B9C9D5008CE3D8 /* CPGoodsCountIndicator.m */; };
		0F0E8A6118B9D55A008CE3D8 /* CPOrderMangerViewController.m in Sources */ = {isa = PBXBuildFile; fileRef = 0F0E8A6018B9D55A008CE3D8 /* CPOrderMangerViewController.m */; };
		0F0F289618C7461000A517EC /* grayBtn.png in Resources */ = {isa = PBXBuildFile; fileRef = 0F0F289418C7461000A517EC /* grayBtn.png */; };
		0F0F289718C7461000A517EC /* greenBtn.png in Resources */ = {isa = PBXBuildFile; fileRef = 0F0F289518C7461000A517EC /* greenBtn.png */; };
		0F12FC5918D582F4000895C4 /* add.png in Resources */ = {isa = PBXBuildFile; fileRef = 0F12FC5618D582F4000895C4 /* add.png */; };
		0F12FC5A18D582F4000895C4 /* cut.png in Resources */ = {isa = PBXBuildFile; fileRef = 0F12FC5718D582F4000895C4 /* cut.png */; };
		0F12FC5B18D582F4000895C4 /* delete.png in Resources */ = {isa = PBXBuildFile; fileRef = 0F12FC5818D582F4000895C4 /* delete.png */; };
		0F1E38AE18910E7C0034E2E7 /* CPToast.m in Sources */ = {isa = PBXBuildFile; fileRef = 0F1E38AD18910E7C0034E2E7 /* CPToast.m */; };
		0F22441E188E7C5000272B86 /* WLSideMenuItem.m in Sources */ = {isa = PBXBuildFile; fileRef = 0F22441B188E7C5000272B86 /* WLSideMenuItem.m */; };
		0F22441F188E7C5000272B86 /* WLSideMenuViewController.m in Sources */ = {isa = PBXBuildFile; fileRef = 0F22441D188E7C5000272B86 /* WLSideMenuViewController.m */; };
		0F224424188E84CB00272B86 /* CPBusinessViewController.m in Sources */ = {isa = PBXBuildFile; fileRef = 0F224423188E84CB00272B86 /* CPBusinessViewController.m */; };
		0F224427188E87F700272B86 /* CPAccountManagerViewController.m in Sources */ = {isa = PBXBuildFile; fileRef = 0F224426188E87F700272B86 /* CPAccountManagerViewController.m */; };
		0F23ACA718B6F4E500E32191 /* CPTextField.m in Sources */ = {isa = PBXBuildFile; fileRef = 0F23ACA618B6F4E500E32191 /* CPTextField.m */; };
		0F2496D61880E793009D22F6 /* NSObject+UPJSON.m in Sources */ = {isa = PBXBuildFile; fileRef = 0F2496C91880E793009D22F6 /* NSObject+UPJSON.m */; settings = {COMPILER_FLAGS = "-fobjc-arc"; }; };
		0F2496D71880E793009D22F6 /* NSString+UPJSON.m in Sources */ = {isa = PBXBuildFile; fileRef = 0F2496CB1880E793009D22F6 /* NSString+UPJSON.m */; settings = {COMPILER_FLAGS = "-fobjc-arc"; }; };
		0F2496D81880E793009D22F6 /* UPJSON.m in Sources */ = {isa = PBXBuildFile; fileRef = 0F2496CD1880E793009D22F6 /* UPJSON.m */; };
		0F2496D91880E793009D22F6 /* UPJsonBase.m in Sources */ = {isa = PBXBuildFile; fileRef = 0F2496CF1880E793009D22F6 /* UPJsonBase.m */; };
		0F2496DA1880E793009D22F6 /* UPJsonParser.m in Sources */ = {isa = PBXBuildFile; fileRef = 0F2496D11880E793009D22F6 /* UPJsonParser.m */; };
		0F2496DB1880E793009D22F6 /* UPJsonService.m in Sources */ = {isa = PBXBuildFile; fileRef = 0F2496D31880E793009D22F6 /* UPJsonService.m */; };
		0F2496DC1880E793009D22F6 /* UPJsonWriter.m in Sources */ = {isa = PBXBuildFile; fileRef = 0F2496D51880E793009D22F6 /* UPJsonWriter.m */; };
		0F2496E5188123E8009D22F6 /* CPPreDisplayArea.m in Sources */ = {isa = PBXBuildFile; fileRef = 0F2496E4188123E8009D22F6 /* CPPreDisplayArea.m */; };
		0F2496E918812D0F009D22F6 /* CPViewAnimations.m in Sources */ = {isa = PBXBuildFile; fileRef = 0F2496E818812D0F009D22F6 /* CPViewAnimations.m */; };
		0F2496EE188130C5009D22F6 /* Display.png in Resources */ = {isa = PBXBuildFile; fileRef = 0F2496ED188130C5009D22F6 /* Display.png */; };
		0F28BC8F18A8E4C7002C9036 /* CPGoodsInfoViewController.m in Sources */ = {isa = PBXBuildFile; fileRef = 0F28BC8E18A8E4C7002C9036 /* CPGoodsInfoViewController.m */; };
		0F32DF9B187D68100090B681 /* CPBaseViewController.m in Sources */ = {isa = PBXBuildFile; fileRef = 0F32DF9A187D68100090B681 /* CPBaseViewController.m */; };
		0F32DF9E187D682B0090B681 /* CPStoreViewController.m in Sources */ = {isa = PBXBuildFile; fileRef = 0F32DF9D187D682B0090B681 /* CPStoreViewController.m */; };
		0F32DFA1187D6A3D0090B681 /* CPADPresentationViewController.m in Sources */ = {isa = PBXBuildFile; fileRef = 0F32DFA0187D6A3D0090B681 /* CPADPresentationViewController.m */; };
		0F32DFA4187D6B9E0090B681 /* CPLoginViewController.m in Sources */ = {isa = PBXBuildFile; fileRef = 0F32DFA3187D6B9E0090B681 /* CPLoginViewController.m */; };
		0F32DFA7187D6C1D0090B681 /* CPRegisterViewController.m in Sources */ = {isa = PBXBuildFile; fileRef = 0F32DFA6187D6C1D0090B681 /* CPRegisterViewController.m */; };
		0F32DFAA187D6C9C0090B681 /* CPResetPWDViewController.m in Sources */ = {isa = PBXBuildFile; fileRef = 0F32DFA9187D6C9C0090B681 /* CPResetPWDViewController.m */; };
		0F32DFAD187D6CC70090B681 /* CPGetBackPWDViewController.m in Sources */ = {isa = PBXBuildFile; fileRef = 0F32DFAC187D6CC70090B681 /* CPGetBackPWDViewController.m */; };
		0F32DFB1187D6F010090B681 /* NavigationBarBG.png in Resources */ = {isa = PBXBuildFile; fileRef = 0F32DFB0187D6F010090B681 /* NavigationBarBG.png */; };
		0F32DFB6187D6F390090B681 /* CPStringLocalizer.plist in Resources */ = {isa = PBXBuildFile; fileRef = 0F32DFB5187D6F390090B681 /* CPStringLocalizer.plist */; };
		0F32DFB8187D70890090B681 /* CPImageResource.plist in Resources */ = {isa = PBXBuildFile; fileRef = 0F32DFB7187D70890090B681 /* CPImageResource.plist */; };
		0F32DFBD187D77A50090B681 /* CPResourceManager.m in Sources */ = {isa = PBXBuildFile; fileRef = 0F32DFBC187D77A50090B681 /* CPResourceManager.m */; };
		0F32DFC1187D81CF0090B681 /* CPBackgroundDowner.m in Sources */ = {isa = PBXBuildFile; fileRef = 0F32DFC0187D81CF0090B681 /* CPBackgroundDowner.m */; };
		0F390E551887FE2600CA4C9A /* top_navigation_back_highlighted.png in Resources */ = {isa = PBXBuildFile; fileRef = 0F390E4E1887FE2600CA4C9A /* top_navigation_back_highlighted.png */; };
		0F390E561887FE2600CA4C9A /* top_navigation_back.png in Resources */ = {isa = PBXBuildFile; fileRef = 0F390E4F1887FE2600CA4C9A /* top_navigation_back.png */; };
		0F390E571887FE2600CA4C9A /* top_navigation_infoicon_highlighted.png in Resources */ = {isa = PBXBuildFile; fileRef = 0F390E501887FE2600CA4C9A /* top_navigation_infoicon_highlighted.png */; };
		0F390E581887FE2600CA4C9A /* top_navigation_infoicon.png in Resources */ = {isa = PBXBuildFile; fileRef = 0F390E511887FE2600CA4C9A /* top_navigation_infoicon.png */; };
		0F390E591887FE2600CA4C9A /* top_navigation_menuicon_highlighted.png in Resources */ = {isa = PBXBuildFile; fileRef = 0F390E521887FE2600CA4C9A /* top_navigation_menuicon_highlighted.png */; };
		0F390E5A1887FE2600CA4C9A /* top_navigation_menuicon.png in Resources */ = {isa = PBXBuildFile; fileRef = 0F390E531887FE2600CA4C9A /* top_navigation_menuicon.png */; };
		0F390E5D1888009C00CA4C9A /* top_navigation_background.png in Resources */ = {isa = PBXBuildFile; fileRef = 0F390E5C1888009C00CA4C9A /* top_navigation_background.png */; };
		0F3F70DD1893759C005D53B9 /* CPStoreInfoViewController.m in Sources */ = {isa = PBXBuildFile; fileRef = 0F3F70DC1893759C005D53B9 /* CPStoreInfoViewController.m */; };
		0F3F70DF1893AC52005D53B9 /* CoreLocation.framework in Frameworks */ = {isa = PBXBuildFile; fileRef = 0F3F70DE1893AC52005D53B9 /* CoreLocation.framework */; };
		0F3F70E21893B657005D53B9 /* CPImagePickerViewController.m in Sources */ = {isa = PBXBuildFile; fileRef = 0F3F70E11893B657005D53B9 /* CPImagePickerViewController.m */; };
		0F47D7D818AB099D001717EC /* libsqlite3.dylib in Frameworks */ = {isa = PBXBuildFile; fileRef = 0F47D7D718AB099D001717EC /* libsqlite3.dylib */; };
		0F47D7DB18AB0A7E001717EC /* CPDataBaseManager.m in Sources */ = {isa = PBXBuildFile; fileRef = 0F47D7DA18AB0A7E001717EC /* CPDataBaseManager.m */; };
		0F566E24187EBC1300A17FBF /* CPCocoaSubViews.m in Sources */ = {isa = PBXBuildFile; fileRef = 0F566E23187EBC1300A17FBF /* CPCocoaSubViews.m */; };
		0F566E27187EC86200A17FBF /* CPValueUtility.m in Sources */ = {isa = PBXBuildFile; fileRef = 0F566E26187EC86200A17FBF /* CPValueUtility.m */; };
		0F5AACAC18840834009FA46C /* CPViewTools.m in Sources */ = {isa = PBXBuildFile; fileRef = 0F5AACAB18840834009FA46C /* CPViewTools.m */; };
		0F72FF9F189259610072A4CD /* CPMoreViewController.m in Sources */ = {isa = PBXBuildFile; fileRef = 0F72FF9E189259610072A4CD /* CPMoreViewController.m */; };
		0F72FFA2189262840072A4CD /* WLMenuViewController.m in Sources */ = {isa = PBXBuildFile; fileRef = 0F72FFA1189262840072A4CD /* WLMenuViewController.m */; };
		0FA93A0D187AC03900A954CF /* Foundation.framework in Frameworks */ = {isa = PBXBuildFile; fileRef = 0FA93A0C187AC03900A954CF /* Foundation.framework */; };
		0FA93A0F187AC03900A954CF /* CoreGraphics.framework in Frameworks */ = {isa = PBXBuildFile; fileRef = 0FA93A0E187AC03900A954CF /* CoreGraphics.framework */; };
		0FA93A11187AC03900A954CF /* UIKit.framework in Frameworks */ = {isa = PBXBuildFile; fileRef = 0FA93A10187AC03900A954CF /* UIKit.framework */; };
		0FA93A17187AC03900A954CF /* InfoPlist.strings in Resources */ = {isa = PBXBuildFile; fileRef = 0FA93A15187AC03900A954CF /* InfoPlist.strings */; };
		0FA93A19187AC03900A954CF /* main.m in Sources */ = {isa = PBXBuildFile; fileRef = 0FA93A18187AC03900A954CF /* main.m */; };
		0FA93A1D187AC03900A954CF /* CPAppDelegate.m in Sources */ = {isa = PBXBuildFile; fileRef = 0FA93A1C187AC03900A954CF /* CPAppDelegate.m */; };
		0FA93A28187AC03900A954CF /* Images.xcassets in Resources */ = {isa = PBXBuildFile; fileRef = 0FA93A27187AC03900A954CF /* Images.xcassets */; };
		0FAC76E018AFDE6B0052CCC2 /* CPGoodsDetailCell.m in Sources */ = {isa = PBXBuildFile; fileRef = 0FAC76DF18AFDE6B0052CCC2 /* CPGoodsDetailCell.m */; };
		0FAC76E318AFE1A20052CCC2 /* CPAddGoodsCell.m in Sources */ = {isa = PBXBuildFile; fileRef = 0FAC76E218AFE1A20052CCC2 /* CPAddGoodsCell.m */; };
		0FAC76E618AFE3350052CCC2 /* CPImagePickerCell.m in Sources */ = {isa = PBXBuildFile; fileRef = 0FAC76E518AFE3350052CCC2 /* CPImagePickerCell.m */; };
		0FB1A9E518869AFC00F6B0AD /* CPNetworkManager.m in Sources */ = {isa = PBXBuildFile; fileRef = 0FB1A9E418869AFC00F6B0AD /* CPNetworkManager.m */; };
		0FB1A9EC1886B23400F6B0AD /* recommend_1.jpg in Resources */ = {isa = PBXBuildFile; fileRef = 0FB1A9E71886B23400F6B0AD /* recommend_1.jpg */; };
		0FB1A9ED1886B23400F6B0AD /* recommend_2.jpg in Resources */ = {isa = PBXBuildFile; fileRef = 0FB1A9E81886B23400F6B0AD /* recommend_2.jpg */; };
		0FB1A9EE1886B23400F6B0AD /* recommend_3.jpg in Resources */ = {isa = PBXBuildFile; fileRef = 0FB1A9E91886B23400F6B0AD /* recommend_3.jpg */; };
		0FB1A9EF1886B23400F6B0AD /* recommend_4.jpg in Resources */ = {isa = PBXBuildFile; fileRef = 0FB1A9EA1886B23400F6B0AD /* recommend_4.jpg */; };
		0FB1A9F01886B23400F6B0AD /* recommend_5.png in Resources */ = {isa = PBXBuildFile; fileRef = 0FB1A9EB1886B23400F6B0AD /* recommend_5.png */; };
		0FB1A9F41886BAB800F6B0AD /* btn_down.png in Resources */ = {isa = PBXBuildFile; fileRef = 0FB1A9F21886BAB800F6B0AD /* btn_down.png */; };
		0FB1A9F51886BAB800F6B0AD /* btn_up.png in Resources */ = {isa = PBXBuildFile; fileRef = 0FB1A9F31886BAB800F6B0AD /* btn_up.png */; };
		BC3EF66718EFB59800E9A416 /* NSData+MKBase64.m in Sources */ = {isa = PBXBuildFile; fileRef = BC3EF65018EFB59800E9A416 /* NSData+MKBase64.m */; settings = {COMPILER_FLAGS = "-fobjc-arc"; }; };
		BC3EF66818EFB59800E9A416 /* NSDate+RFC1123.m in Sources */ = {isa = PBXBuildFile; fileRef = BC3EF65218EFB59800E9A416 /* NSDate+RFC1123.m */; settings = {COMPILER_FLAGS = "-fobjc-arc"; }; };
		BC3EF66918EFB59800E9A416 /* NSDictionary+RequestEncoding.m in Sources */ = {isa = PBXBuildFile; fileRef = BC3EF65418EFB59800E9A416 /* NSDictionary+RequestEncoding.m */; settings = {COMPILER_FLAGS = "-fobjc-arc"; }; };
		BC3EF66A18EFB59800E9A416 /* NSString+MKNetworkKitAdditions.m in Sources */ = {isa = PBXBuildFile; fileRef = BC3EF65618EFB59800E9A416 /* NSString+MKNetworkKitAdditions.m */; settings = {COMPILER_FLAGS = "-fobjc-arc"; }; };
		BC3EF66B18EFB59800E9A416 /* UIAlertView+MKNetworkKitAdditions.m in Sources */ = {isa = PBXBuildFile; fileRef = BC3EF65818EFB59800E9A416 /* UIAlertView+MKNetworkKitAdditions.m */; settings = {COMPILER_FLAGS = "-fobjc-arc"; }; };
		BC3EF66C18EFB59800E9A416 /* UIButton+MKNetworkKitAdditions_Kevincao.m in Sources */ = {isa = PBXBuildFile; fileRef = BC3EF65A18EFB59800E9A416 /* UIButton+MKNetworkKitAdditions_Kevincao.m */; settings = {COMPILER_FLAGS = "-fobjc-arc"; }; };
		BC3EF66D18EFB59800E9A416 /* UIImageView+MKNetworkKitAdditions.m in Sources */ = {isa = PBXBuildFile; fileRef = BC3EF65C18EFB59800E9A416 /* UIImageView+MKNetworkKitAdditions.m */; settings = {COMPILER_FLAGS = "-fobjc-arc"; }; };
		BC3EF66E18EFB59800E9A416 /* UIImageView+MKNetworkKitAdditions_johankool.m in Sources */ = {isa = PBXBuildFile; fileRef = BC3EF65E18EFB59800E9A416 /* UIImageView+MKNetworkKitAdditions_johankool.m */; settings = {COMPILER_FLAGS = "-fobjc-arc"; }; };
		BC3EF66F18EFB59800E9A416 /* MKNetworkEngine.m in Sources */ = {isa = PBXBuildFile; fileRef = BC3EF66018EFB59800E9A416 /* MKNetworkEngine.m */; settings = {COMPILER_FLAGS = "-fobjc-arc"; }; };
		BC3EF67018EFB59800E9A416 /* MKNetworkOperation.m in Sources */ = {isa = PBXBuildFile; fileRef = BC3EF66318EFB59800E9A416 /* MKNetworkOperation.m */; settings = {COMPILER_FLAGS = "-fobjc-arc"; }; };
		BC3EF67118EFB59800E9A416 /* Reachability.m in Sources */ = {isa = PBXBuildFile; fileRef = BC3EF66618EFB59800E9A416 /* Reachability.m */; settings = {COMPILER_FLAGS = "-fobjc-arc"; }; };
/* End PBXBuildFile section */

/* Begin PBXFileReference section */
		0F008A1B18C195AE004CE84E /* beaver.sqlite */ = {isa = PBXFileReference; lastKnownFileType = file; name = beaver.sqlite; path = resources/DB/beaver.sqlite; sourceTree = "<group>"; };
		0F008A1D18C196CC004CE84E /* CPGoodsCategoryCell.h */ = {isa = PBXFileReference; fileEncoding = 4; lastKnownFileType = sourcecode.c.h; name = CPGoodsCategoryCell.h; path = UI/items/CPGoodsCategoryCell.h; sourceTree = "<group>"; };
		0F008A1E18C196CC004CE84E /* CPGoodsCategoryCell.m */ = {isa = PBXFileReference; fileEncoding = 4; lastKnownFileType = sourcecode.c.objc; name = CPGoodsCategoryCell.m; path = UI/items/CPGoodsCategoryCell.m; sourceTree = "<group>"; };
		0F008A2018C19C59004CE84E /* CPUtility.h */ = {isa = PBXFileReference; lastKnownFileType = sourcecode.c.h; name = CPUtility.h; path = config/CPUtility.h; sourceTree = "<group>"; };
		0F00BE0518AE008A00D2C630 /* CPUnderLineButton.h */ = {isa = PBXFileReference; fileEncoding = 4; lastKnownFileType = sourcecode.c.h; name = CPUnderLineButton.h; path = UI/items/CPUnderLineButton.h; sourceTree = "<group>"; };
		0F00BE0618AE008A00D2C630 /* CPUnderLineButton.m */ = {isa = PBXFileReference; fileEncoding = 4; lastKnownFileType = sourcecode.c.objc; name = CPUnderLineButton.m; path = UI/items/CPUnderLineButton.m; sourceTree = "<group>"; };
		0F00BE0818AE0F6600D2C630 /* CPCategoryViewController.h */ = {isa = PBXFileReference; fileEncoding = 4; lastKnownFileType = sourcecode.c.h; name = CPCategoryViewController.h; path = UI/CPCategoryViewController.h; sourceTree = "<group>"; };
		0F00BE0918AE0F6600D2C630 /* CPCategoryViewController.m */ = {isa = PBXFileReference; fileEncoding = 4; lastKnownFileType = sourcecode.c.objc; name = CPCategoryViewController.m; path = UI/CPCategoryViewController.m; sourceTree = "<group>"; };
		0F0B117F188B7E2A00CC376E /* Default.png */ = {isa = PBXFileReference; lastKnownFileType = image.png; name = Default.png; path = resources/images/sysIcon/Default.png; sourceTree = "<group>"; };
		0F0B1181188B8B1D00CC376E /* File7.jpg */ = {isa = PBXFileReference; lastKnownFileType = image.jpeg; name = File7.jpg; path = resources/images/display/File7.jpg; sourceTree = "<group>"; };
		0F0B1183188BC22F00CC376E /* CPAlertView.h */ = {isa = PBXFileReference; fileEncoding = 4; lastKnownFileType = sourcecode.c.h; name = CPAlertView.h; path = UI/items/CPAlertView.h; sourceTree = "<group>"; };
		0F0B1184188BC22F00CC376E /* CPAlertView.m */ = {isa = PBXFileReference; fileEncoding = 4; lastKnownFileType = sourcecode.c.objc; name = CPAlertView.m; path = UI/items/CPAlertView.m; sourceTree = "<group>"; };
		0F0BE97218B06AA000CB7D86 /* CPGoodsCollection.h */ = {isa = PBXFileReference; fileEncoding = 4; lastKnownFileType = sourcecode.c.h; name = CPGoodsCollection.h; path = UI/items/CPGoodsCollection.h; sourceTree = "<group>"; };
		0F0BE97318B06AA000CB7D86 /* CPGoodsCollection.m */ = {isa = PBXFileReference; fileEncoding = 4; lastKnownFileType = sourcecode.c.objc; name = CPGoodsCollection.m; path = UI/items/CPGoodsCollection.m; sourceTree = "<group>"; };
		0F0E8A5C18B9C9D5008CE3D8 /* CPGoodsCountIndicator.h */ = {isa = PBXFileReference; fileEncoding = 4; lastKnownFileType = sourcecode.c.h; name = CPGoodsCountIndicator.h; path = UI/business/CPGoodsCountIndicator.h; sourceTree = "<group>"; };
		0F0E8A5D18B9C9D5008CE3D8 /* CPGoodsCountIndicator.m */ = {isa = PBXFileReference; fileEncoding = 4; lastKnownFileType = sourcecode.c.objc; name = CPGoodsCountIndicator.m; path = UI/business/CPGoodsCountIndicator.m; sourceTree = "<group>"; };
		0F0E8A5F18B9D55A008CE3D8 /* CPOrderMangerViewController.h */ = {isa = PBXFileReference; fileEncoding = 4; lastKnownFileType = sourcecode.c.h; name = CPOrderMangerViewController.h; path = UI/CPOrderMangerViewController.h; sourceTree = "<group>"; };
		0F0E8A6018B9D55A008CE3D8 /* CPOrderMangerViewController.m */ = {isa = PBXFileReference; fileEncoding = 4; lastKnownFileType = sourcecode.c.objc; name = CPOrderMangerViewController.m; path = UI/CPOrderMangerViewController.m; sourceTree = "<group>"; };
		0F0F289418C7461000A517EC /* grayBtn.png */ = {isa = PBXFileReference; lastKnownFileType = image.png; name = grayBtn.png; path = resources/images/buttons/grayBtn.png; sourceTree = "<group>"; };
		0F0F289518C7461000A517EC /* greenBtn.png */ = {isa = PBXFileReference; lastKnownFileType = image.png; name = greenBtn.png; path = resources/images/buttons/greenBtn.png; sourceTree = "<group>"; };
		0F12FC5618D582F4000895C4 /* add.png */ = {isa = PBXFileReference; lastKnownFileType = image.png; name = add.png; path = resources/images/buttons/add.png; sourceTree = "<group>"; };
		0F12FC5718D582F4000895C4 /* cut.png */ = {isa = PBXFileReference; lastKnownFileType = image.png; name = cut.png; path = resources/images/buttons/cut.png; sourceTree = "<group>"; };
		0F12FC5818D582F4000895C4 /* delete.png */ = {isa = PBXFileReference; lastKnownFileType = image.png; name = delete.png; path = resources/images/buttons/delete.png; sourceTree = "<group>"; };
		0F1E38AC18910E7C0034E2E7 /* CPToast.h */ = {isa = PBXFileReference; fileEncoding = 4; lastKnownFileType = sourcecode.c.h; name = CPToast.h; path = UI/items/CPToast.h; sourceTree = "<group>"; };
		0F1E38AD18910E7C0034E2E7 /* CPToast.m */ = {isa = PBXFileReference; fileEncoding = 4; lastKnownFileType = sourcecode.c.objc; name = CPToast.m; path = UI/items/CPToast.m; sourceTree = "<group>"; };
		0F22441A188E7C5000272B86 /* WLSideMenuItem.h */ = {isa = PBXFileReference; fileEncoding = 4; lastKnownFileType = sourcecode.c.h; name = WLSideMenuItem.h; path = menu/WLSideMenuItem.h; sourceTree = "<group>"; };
		0F22441B188E7C5000272B86 /* WLSideMenuItem.m */ = {isa = PBXFileReference; fileEncoding = 4; lastKnownFileType = sourcecode.c.objc; name = WLSideMenuItem.m; path = menu/WLSideMenuItem.m; sourceTree = "<group>"; };
		0F22441C188E7C5000272B86 /* WLSideMenuViewController.h */ = {isa = PBXFileReference; fileEncoding = 4; lastKnownFileType = sourcecode.c.h; name = WLSideMenuViewController.h; path = menu/WLSideMenuViewController.h; sourceTree = "<group>"; };
		0F22441D188E7C5000272B86 /* WLSideMenuViewController.m */ = {isa = PBXFileReference; fileEncoding = 4; lastKnownFileType = sourcecode.c.objc; name = WLSideMenuViewController.m; path = menu/WLSideMenuViewController.m; sourceTree = "<group>"; };
		0F224422188E84CB00272B86 /* CPBusinessViewController.h */ = {isa = PBXFileReference; fileEncoding = 4; lastKnownFileType = sourcecode.c.h; name = CPBusinessViewController.h; path = UI/CPBusinessViewController.h; sourceTree = "<group>"; };
		0F224423188E84CB00272B86 /* CPBusinessViewController.m */ = {isa = PBXFileReference; fileEncoding = 4; lastKnownFileType = sourcecode.c.objc; name = CPBusinessViewController.m; path = UI/CPBusinessViewController.m; sourceTree = "<group>"; };
		0F224425188E87F700272B86 /* CPAccountManagerViewController.h */ = {isa = PBXFileReference; fileEncoding = 4; lastKnownFileType = sourcecode.c.h; name = CPAccountManagerViewController.h; path = UI/CPAccountManagerViewController.h; sourceTree = "<group>"; };
		0F224426188E87F700272B86 /* CPAccountManagerViewController.m */ = {isa = PBXFileReference; fileEncoding = 4; lastKnownFileType = sourcecode.c.objc; name = CPAccountManagerViewController.m; path = UI/CPAccountManagerViewController.m; sourceTree = "<group>"; };
		0F23ACA518B6F4E500E32191 /* CPTextField.h */ = {isa = PBXFileReference; fileEncoding = 4; lastKnownFileType = sourcecode.c.h; name = CPTextField.h; path = UI/items/CPTextField.h; sourceTree = "<group>"; };
		0F23ACA618B6F4E500E32191 /* CPTextField.m */ = {isa = PBXFileReference; fileEncoding = 4; lastKnownFileType = sourcecode.c.objc; name = CPTextField.m; path = UI/items/CPTextField.m; sourceTree = "<group>"; };
		0F2496C81880E793009D22F6 /* NSObject+UPJSON.h */ = {isa = PBXFileReference; fileEncoding = 4; lastKnownFileType = sourcecode.c.h; name = "NSObject+UPJSON.h"; path = "JSON/NSObject+UPJSON.h"; sourceTree = "<group>"; };
		0F2496C91880E793009D22F6 /* NSObject+UPJSON.m */ = {isa = PBXFileReference; fileEncoding = 4; lastKnownFileType = sourcecode.c.objc; name = "NSObject+UPJSON.m"; path = "JSON/NSObject+UPJSON.m"; sourceTree = "<group>"; };
		0F2496CA1880E793009D22F6 /* NSString+UPJSON.h */ = {isa = PBXFileReference; fileEncoding = 4; lastKnownFileType = sourcecode.c.h; name = "NSString+UPJSON.h"; path = "JSON/NSString+UPJSON.h"; sourceTree = "<group>"; };
		0F2496CB1880E793009D22F6 /* NSString+UPJSON.m */ = {isa = PBXFileReference; fileEncoding = 4; lastKnownFileType = sourcecode.c.objc; name = "NSString+UPJSON.m"; path = "JSON/NSString+UPJSON.m"; sourceTree = "<group>"; };
		0F2496CC1880E793009D22F6 /* UPJSON.h */ = {isa = PBXFileReference; fileEncoding = 4; lastKnownFileType = sourcecode.c.h; name = UPJSON.h; path = JSON/UPJSON.h; sourceTree = "<group>"; };
		0F2496CD1880E793009D22F6 /* UPJSON.m */ = {isa = PBXFileReference; fileEncoding = 4; lastKnownFileType = sourcecode.c.objc; name = UPJSON.m; path = JSON/UPJSON.m; sourceTree = "<group>"; };
		0F2496CE1880E793009D22F6 /* UPJsonBase.h */ = {isa = PBXFileReference; fileEncoding = 4; lastKnownFileType = sourcecode.c.h; name = UPJsonBase.h; path = JSON/UPJsonBase.h; sourceTree = "<group>"; };
		0F2496CF1880E793009D22F6 /* UPJsonBase.m */ = {isa = PBXFileReference; fileEncoding = 4; lastKnownFileType = sourcecode.c.objc; name = UPJsonBase.m; path = JSON/UPJsonBase.m; sourceTree = "<group>"; };
		0F2496D01880E793009D22F6 /* UPJsonParser.h */ = {isa = PBXFileReference; fileEncoding = 4; lastKnownFileType = sourcecode.c.h; name = UPJsonParser.h; path = JSON/UPJsonParser.h; sourceTree = "<group>"; };
		0F2496D11880E793009D22F6 /* UPJsonParser.m */ = {isa = PBXFileReference; fileEncoding = 4; lastKnownFileType = sourcecode.c.objc; name = UPJsonParser.m; path = JSON/UPJsonParser.m; sourceTree = "<group>"; };
		0F2496D21880E793009D22F6 /* UPJsonService.h */ = {isa = PBXFileReference; fileEncoding = 4; lastKnownFileType = sourcecode.c.h; name = UPJsonService.h; path = JSON/UPJsonService.h; sourceTree = "<group>"; };
		0F2496D31880E793009D22F6 /* UPJsonService.m */ = {isa = PBXFileReference; fileEncoding = 4; lastKnownFileType = sourcecode.c.objc; name = UPJsonService.m; path = JSON/UPJsonService.m; sourceTree = "<group>"; };
		0F2496D41880E793009D22F6 /* UPJsonWriter.h */ = {isa = PBXFileReference; fileEncoding = 4; lastKnownFileType = sourcecode.c.h; name = UPJsonWriter.h; path = JSON/UPJsonWriter.h; sourceTree = "<group>"; };
		0F2496D51880E793009D22F6 /* UPJsonWriter.m */ = {isa = PBXFileReference; fileEncoding = 4; lastKnownFileType = sourcecode.c.objc; name = UPJsonWriter.m; path = JSON/UPJsonWriter.m; sourceTree = "<group>"; };
		0F2496E3188123E8009D22F6 /* CPPreDisplayArea.h */ = {isa = PBXFileReference; fileEncoding = 4; lastKnownFileType = sourcecode.c.h; name = CPPreDisplayArea.h; path = UI/items/CPPreDisplayArea.h; sourceTree = "<group>"; };
		0F2496E4188123E8009D22F6 /* CPPreDisplayArea.m */ = {isa = PBXFileReference; fileEncoding = 4; lastKnownFileType = sourcecode.c.objc; name = CPPreDisplayArea.m; path = UI/items/CPPreDisplayArea.m; sourceTree = "<group>"; };
		0F2496E718812D0F009D22F6 /* CPViewAnimations.h */ = {isa = PBXFileReference; fileEncoding = 4; lastKnownFileType = sourcecode.c.h; name = CPViewAnimations.h; path = UI/animations/CPViewAnimations.h; sourceTree = "<group>"; };
		0F2496E818812D0F009D22F6 /* CPViewAnimations.m */ = {isa = PBXFileReference; fileEncoding = 4; lastKnownFileType = sourcecode.c.objc; name = CPViewAnimations.m; path = UI/animations/CPViewAnimations.m; sourceTree = "<group>"; };
		0F2496ED188130C5009D22F6 /* Display.png */ = {isa = PBXFileReference; lastKnownFileType = image.png; name = Display.png; path = resources/images/display/Display.png; sourceTree = "<group>"; };
		0F28BC8D18A8E4C7002C9036 /* CPGoodsInfoViewController.h */ = {isa = PBXFileReference; fileEncoding = 4; lastKnownFileType = sourcecode.c.h; name = CPGoodsInfoViewController.h; path = UI/CPGoodsInfoViewController.h; sourceTree = "<group>"; };
		0F28BC8E18A8E4C7002C9036 /* CPGoodsInfoViewController.m */ = {isa = PBXFileReference; fileEncoding = 4; lastKnownFileType = sourcecode.c.objc; name = CPGoodsInfoViewController.m; path = UI/CPGoodsInfoViewController.m; sourceTree = "<group>"; };
		0F32DF99187D68100090B681 /* CPBaseViewController.h */ = {isa = PBXFileReference; fileEncoding = 4; lastKnownFileType = sourcecode.c.h; name = CPBaseViewController.h; path = UI/CPBaseViewController.h; sourceTree = "<group>"; };
		0F32DF9A187D68100090B681 /* CPBaseViewController.m */ = {isa = PBXFileReference; fileEncoding = 4; lastKnownFileType = sourcecode.c.objc; name = CPBaseViewController.m; path = UI/CPBaseViewController.m; sourceTree = "<group>"; };
		0F32DF9C187D682B0090B681 /* CPStoreViewController.h */ = {isa = PBXFileReference; fileEncoding = 4; lastKnownFileType = sourcecode.c.h; name = CPStoreViewController.h; path = UI/CPStoreViewController.h; sourceTree = "<group>"; };
		0F32DF9D187D682B0090B681 /* CPStoreViewController.m */ = {isa = PBXFileReference; fileEncoding = 4; lastKnownFileType = sourcecode.c.objc; name = CPStoreViewController.m; path = UI/CPStoreViewController.m; sourceTree = "<group>"; };
		0F32DF9F187D6A3D0090B681 /* CPADPresentationViewController.h */ = {isa = PBXFileReference; fileEncoding = 4; lastKnownFileType = sourcecode.c.h; name = CPADPresentationViewController.h; path = UI/CPADPresentationViewController.h; sourceTree = "<group>"; };
		0F32DFA0187D6A3D0090B681 /* CPADPresentationViewController.m */ = {isa = PBXFileReference; fileEncoding = 4; lastKnownFileType = sourcecode.c.objc; name = CPADPresentationViewController.m; path = UI/CPADPresentationViewController.m; sourceTree = "<group>"; };
		0F32DFA2187D6B9E0090B681 /* CPLoginViewController.h */ = {isa = PBXFileReference; fileEncoding = 4; lastKnownFileType = sourcecode.c.h; name = CPLoginViewController.h; path = UI/CPLoginViewController.h; sourceTree = "<group>"; };
		0F32DFA3187D6B9E0090B681 /* CPLoginViewController.m */ = {isa = PBXFileReference; fileEncoding = 4; lastKnownFileType = sourcecode.c.objc; name = CPLoginViewController.m; path = UI/CPLoginViewController.m; sourceTree = "<group>"; };
		0F32DFA5187D6C1D0090B681 /* CPRegisterViewController.h */ = {isa = PBXFileReference; fileEncoding = 4; lastKnownFileType = sourcecode.c.h; name = CPRegisterViewController.h; path = UI/CPRegisterViewController.h; sourceTree = "<group>"; };
		0F32DFA6187D6C1D0090B681 /* CPRegisterViewController.m */ = {isa = PBXFileReference; fileEncoding = 4; lastKnownFileType = sourcecode.c.objc; name = CPRegisterViewController.m; path = UI/CPRegisterViewController.m; sourceTree = "<group>"; };
		0F32DFA8187D6C9C0090B681 /* CPResetPWDViewController.h */ = {isa = PBXFileReference; fileEncoding = 4; lastKnownFileType = sourcecode.c.h; name = CPResetPWDViewController.h; path = UI/CPResetPWDViewController.h; sourceTree = "<group>"; };
		0F32DFA9187D6C9C0090B681 /* CPResetPWDViewController.m */ = {isa = PBXFileReference; fileEncoding = 4; lastKnownFileType = sourcecode.c.objc; name = CPResetPWDViewController.m; path = UI/CPResetPWDViewController.m; sourceTree = "<group>"; };
		0F32DFAB187D6CC70090B681 /* CPGetBackPWDViewController.h */ = {isa = PBXFileReference; fileEncoding = 4; lastKnownFileType = sourcecode.c.h; name = CPGetBackPWDViewController.h; path = UI/CPGetBackPWDViewController.h; sourceTree = "<group>"; };
		0F32DFAC187D6CC70090B681 /* CPGetBackPWDViewController.m */ = {isa = PBXFileReference; fileEncoding = 4; lastKnownFileType = sourcecode.c.objc; name = CPGetBackPWDViewController.m; path = UI/CPGetBackPWDViewController.m; sourceTree = "<group>"; };
		0F32DFB0187D6F010090B681 /* NavigationBarBG.png */ = {isa = PBXFileReference; lastKnownFileType = image.png; name = NavigationBarBG.png; path = resources/images/bars/NavigationBarBG.png; sourceTree = "<group>"; };
		0F32DFB5187D6F390090B681 /* CPStringLocalizer.plist */ = {isa = PBXFileReference; fileEncoding = 4; lastKnownFileType = text.plist.xml; name = CPStringLocalizer.plist; path = resources/docs/CPStringLocalizer.plist; sourceTree = "<group>"; };
		0F32DFB7187D70890090B681 /* CPImageResource.plist */ = {isa = PBXFileReference; fileEncoding = 4; lastKnownFileType = text.plist.xml; name = CPImageResource.plist; path = resources/docs/CPImageResource.plist; sourceTree = "<group>"; };
		0F32DFBA187D74670090B681 /* CPConstDefine.h */ = {isa = PBXFileReference; lastKnownFileType = sourcecode.c.h; name = CPConstDefine.h; path = config/CPConstDefine.h; sourceTree = "<group>"; };
		0F32DFBB187D77A50090B681 /* CPResourceManager.h */ = {isa = PBXFileReference; fileEncoding = 4; lastKnownFileType = sourcecode.c.h; name = CPResourceManager.h; path = config/CPResourceManager.h; sourceTree = "<group>"; };
		0F32DFBC187D77A50090B681 /* CPResourceManager.m */ = {isa = PBXFileReference; fileEncoding = 4; lastKnownFileType = sourcecode.c.objc; name = CPResourceManager.m; path = config/CPResourceManager.m; sourceTree = "<group>"; };
		0F32DFBF187D81CF0090B681 /* CPBackgroundDowner.h */ = {isa = PBXFileReference; fileEncoding = 4; lastKnownFileType = sourcecode.c.h; name = CPBackgroundDowner.h; path = utility/CPBackgroundDowner.h; sourceTree = "<group>"; };
		0F32DFC0187D81CF0090B681 /* CPBackgroundDowner.m */ = {isa = PBXFileReference; fileEncoding = 4; lastKnownFileType = sourcecode.c.objc; name = CPBackgroundDowner.m; path = utility/CPBackgroundDowner.m; sourceTree = "<group>"; };
		0F390E4E1887FE2600CA4C9A /* top_navigation_back_highlighted.png */ = {isa = PBXFileReference; lastKnownFileType = image.png; name = top_navigation_back_highlighted.png; path = resources/images/bars/top_navigation_back_highlighted.png; sourceTree = "<group>"; };
		0F390E4F1887FE2600CA4C9A /* top_navigation_back.png */ = {isa = PBXFileReference; lastKnownFileType = image.png; name = top_navigation_back.png; path = resources/images/bars/top_navigation_back.png; sourceTree = "<group>"; };
		0F390E501887FE2600CA4C9A /* top_navigation_infoicon_highlighted.png */ = {isa = PBXFileReference; lastKnownFileType = image.png; name = top_navigation_infoicon_highlighted.png; path = resources/images/bars/top_navigation_infoicon_highlighted.png; sourceTree = "<group>"; };
		0F390E511887FE2600CA4C9A /* top_navigation_infoicon.png */ = {isa = PBXFileReference; lastKnownFileType = image.png; name = top_navigation_infoicon.png; path = resources/images/bars/top_navigation_infoicon.png; sourceTree = "<group>"; };
		0F390E521887FE2600CA4C9A /* top_navigation_menuicon_highlighted.png */ = {isa = PBXFileReference; lastKnownFileType = image.png; name = top_navigation_menuicon_highlighted.png; path = resources/images/bars/top_navigation_menuicon_highlighted.png; sourceTree = "<group>"; };
		0F390E531887FE2600CA4C9A /* top_navigation_menuicon.png */ = {isa = PBXFileReference; lastKnownFileType = image.png; name = top_navigation_menuicon.png; path = resources/images/bars/top_navigation_menuicon.png; sourceTree = "<group>"; };
		0F390E5C1888009C00CA4C9A /* top_navigation_background.png */ = {isa = PBXFileReference; lastKnownFileType = image.png; name = top_navigation_background.png; path = resources/images/bars/top_navigation_background.png; sourceTree = "<group>"; };
		0F3F70DB1893759C005D53B9 /* CPStoreInfoViewController.h */ = {isa = PBXFileReference; fileEncoding = 4; lastKnownFileType = sourcecode.c.h; name = CPStoreInfoViewController.h; path = UI/CPStoreInfoViewController.h; sourceTree = "<group>"; };
		0F3F70DC1893759C005D53B9 /* CPStoreInfoViewController.m */ = {isa = PBXFileReference; fileEncoding = 4; lastKnownFileType = sourcecode.c.objc; name = CPStoreInfoViewController.m; path = UI/CPStoreInfoViewController.m; sourceTree = "<group>"; };
		0F3F70DE1893AC52005D53B9 /* CoreLocation.framework */ = {isa = PBXFileReference; lastKnownFileType = wrapper.framework; name = CoreLocation.framework; path = System/Library/Frameworks/CoreLocation.framework; sourceTree = SDKROOT; };
		0F3F70E01893B657005D53B9 /* CPImagePickerViewController.h */ = {isa = PBXFileReference; fileEncoding = 4; lastKnownFileType = sourcecode.c.h; name = CPImagePickerViewController.h; path = UI/CPImagePickerViewController.h; sourceTree = "<group>"; };
		0F3F70E11893B657005D53B9 /* CPImagePickerViewController.m */ = {isa = PBXFileReference; fileEncoding = 4; lastKnownFileType = sourcecode.c.objc; name = CPImagePickerViewController.m; path = UI/CPImagePickerViewController.m; sourceTree = "<group>"; };
		0F47D7D718AB099D001717EC /* libsqlite3.dylib */ = {isa = PBXFileReference; lastKnownFileType = "compiled.mach-o.dylib"; name = libsqlite3.dylib; path = usr/lib/libsqlite3.dylib; sourceTree = SDKROOT; };
		0F47D7D918AB0A7E001717EC /* CPDataBaseManager.h */ = {isa = PBXFileReference; fileEncoding = 4; lastKnownFileType = sourcecode.c.h; name = CPDataBaseManager.h; path = utility/CPDataBaseManager.h; sourceTree = "<group>"; };
		0F47D7DA18AB0A7E001717EC /* CPDataBaseManager.m */ = {isa = PBXFileReference; fileEncoding = 4; lastKnownFileType = sourcecode.c.objc; name = CPDataBaseManager.m; path = utility/CPDataBaseManager.m; sourceTree = "<group>"; };
		0F566E22187EBC1300A17FBF /* CPCocoaSubViews.h */ = {isa = PBXFileReference; fileEncoding = 4; lastKnownFileType = sourcecode.c.h; name = CPCocoaSubViews.h; path = UI/items/CPCocoaSubViews.h; sourceTree = "<group>"; };
		0F566E23187EBC1300A17FBF /* CPCocoaSubViews.m */ = {isa = PBXFileReference; fileEncoding = 4; lastKnownFileType = sourcecode.c.objc; name = CPCocoaSubViews.m; path = UI/items/CPCocoaSubViews.m; sourceTree = "<group>"; };
		0F566E25187EC86200A17FBF /* CPValueUtility.h */ = {isa = PBXFileReference; fileEncoding = 4; lastKnownFileType = sourcecode.c.h; name = CPValueUtility.h; path = utility/CPValueUtility.h; sourceTree = "<group>"; };
		0F566E26187EC86200A17FBF /* CPValueUtility.m */ = {isa = PBXFileReference; fileEncoding = 4; lastKnownFileType = sourcecode.c.objc; name = CPValueUtility.m; path = utility/CPValueUtility.m; sourceTree = "<group>"; };
		0F5AACAA18840834009FA46C /* CPViewTools.h */ = {isa = PBXFileReference; fileEncoding = 4; lastKnownFileType = sourcecode.c.h; name = CPViewTools.h; path = utility/CPViewTools.h; sourceTree = "<group>"; };
		0F5AACAB18840834009FA46C /* CPViewTools.m */ = {isa = PBXFileReference; fileEncoding = 4; lastKnownFileType = sourcecode.c.objc; name = CPViewTools.m; path = utility/CPViewTools.m; sourceTree = "<group>"; };
		0F72FF9B18924D940072A4CD /* CPServerAdressDefine.h */ = {isa = PBXFileReference; fileEncoding = 4; lastKnownFileType = sourcecode.c.h; name = CPServerAdressDefine.h; path = config/CPServerAdressDefine.h; sourceTree = "<group>"; };
		0F72FF9D189259610072A4CD /* CPMoreViewController.h */ = {isa = PBXFileReference; fileEncoding = 4; lastKnownFileType = sourcecode.c.h; name = CPMoreViewController.h; path = UI/CPMoreViewController.h; sourceTree = "<group>"; };
		0F72FF9E189259610072A4CD /* CPMoreViewController.m */ = {isa = PBXFileReference; fileEncoding = 4; lastKnownFileType = sourcecode.c.objc; name = CPMoreViewController.m; path = UI/CPMoreViewController.m; sourceTree = "<group>"; };
		0F72FFA0189262840072A4CD /* WLMenuViewController.h */ = {isa = PBXFileReference; fileEncoding = 4; lastKnownFileType = sourcecode.c.h; name = WLMenuViewController.h; path = menu/WLMenuViewController.h; sourceTree = "<group>"; };
		0F72FFA1189262840072A4CD /* WLMenuViewController.m */ = {isa = PBXFileReference; fileEncoding = 4; lastKnownFileType = sourcecode.c.objc; name = WLMenuViewController.m; path = menu/WLMenuViewController.m; sourceTree = "<group>"; };
		0FA93A09187AC03900A954CF /* Cashier.app */ = {isa = PBXFileReference; explicitFileType = wrapper.application; includeInIndex = 0; path = Cashier.app; sourceTree = BUILT_PRODUCTS_DIR; };
		0FA93A0C187AC03900A954CF /* Foundation.framework */ = {isa = PBXFileReference; lastKnownFileType = wrapper.framework; name = Foundation.framework; path = System/Library/Frameworks/Foundation.framework; sourceTree = SDKROOT; };
		0FA93A0E187AC03900A954CF /* CoreGraphics.framework */ = {isa = PBXFileReference; lastKnownFileType = wrapper.framework; name = CoreGraphics.framework; path = System/Library/Frameworks/CoreGraphics.framework; sourceTree = SDKROOT; };
		0FA93A10187AC03900A954CF /* UIKit.framework */ = {isa = PBXFileReference; lastKnownFileType = wrapper.framework; name = UIKit.framework; path = System/Library/Frameworks/UIKit.framework; sourceTree = SDKROOT; };
		0FA93A14187AC03900A954CF /* Cashier-Info.plist */ = {isa = PBXFileReference; lastKnownFileType = text.plist.xml; path = "Cashier-Info.plist"; sourceTree = "<group>"; };
		0FA93A16187AC03900A954CF /* en */ = {isa = PBXFileReference; lastKnownFileType = text.plist.strings; name = en; path = en.lproj/InfoPlist.strings; sourceTree = "<group>"; };
		0FA93A18187AC03900A954CF /* main.m */ = {isa = PBXFileReference; lastKnownFileType = sourcecode.c.objc; path = main.m; sourceTree = "<group>"; };
		0FA93A1A187AC03900A954CF /* Cashier-Prefix.pch */ = {isa = PBXFileReference; lastKnownFileType = sourcecode.c.h; path = "Cashier-Prefix.pch"; sourceTree = "<group>"; };
		0FA93A1B187AC03900A954CF /* CPAppDelegate.h */ = {isa = PBXFileReference; lastKnownFileType = sourcecode.c.h; path = CPAppDelegate.h; sourceTree = "<group>"; };
		0FA93A1C187AC03900A954CF /* CPAppDelegate.m */ = {isa = PBXFileReference; lastKnownFileType = sourcecode.c.objc; path = CPAppDelegate.m; sourceTree = "<group>"; };
		0FA93A27187AC03900A954CF /* Images.xcassets */ = {isa = PBXFileReference; lastKnownFileType = folder.assetcatalog; path = Images.xcassets; sourceTree = "<group>"; };
		0FA93A2E187AC03A00A954CF /* XCTest.framework */ = {isa = PBXFileReference; lastKnownFileType = wrapper.framework; name = XCTest.framework; path = Library/Frameworks/XCTest.framework; sourceTree = DEVELOPER_DIR; };
		0FA93A36187AC03A00A954CF /* CashierTests-Info.plist */ = {isa = PBXFileReference; lastKnownFileType = text.plist.xml; path = "CashierTests-Info.plist"; sourceTree = "<group>"; };
		0FA93A38187AC03A00A954CF /* en */ = {isa = PBXFileReference; lastKnownFileType = text.plist.strings; name = en; path = en.lproj/InfoPlist.strings; sourceTree = "<group>"; };
		0FA93A3A187AC03A00A954CF /* CashierTests.m */ = {isa = PBXFileReference; lastKnownFileType = sourcecode.c.objc; path = CashierTests.m; sourceTree = "<group>"; };
		0FAC76DE18AFDE6B0052CCC2 /* CPGoodsDetailCell.h */ = {isa = PBXFileReference; fileEncoding = 4; lastKnownFileType = sourcecode.c.h; name = CPGoodsDetailCell.h; path = UI/items/CPGoodsDetailCell.h; sourceTree = "<group>"; };
		0FAC76DF18AFDE6B0052CCC2 /* CPGoodsDetailCell.m */ = {isa = PBXFileReference; fileEncoding = 4; lastKnownFileType = sourcecode.c.objc; name = CPGoodsDetailCell.m; path = UI/items/CPGoodsDetailCell.m; sourceTree = "<group>"; };
		0FAC76E118AFE1A20052CCC2 /* CPAddGoodsCell.h */ = {isa = PBXFileReference; fileEncoding = 4; lastKnownFileType = sourcecode.c.h; name = CPAddGoodsCell.h; path = UI/items/CPAddGoodsCell.h; sourceTree = "<group>"; };
		0FAC76E218AFE1A20052CCC2 /* CPAddGoodsCell.m */ = {isa = PBXFileReference; fileEncoding = 4; lastKnownFileType = sourcecode.c.objc; name = CPAddGoodsCell.m; path = UI/items/CPAddGoodsCell.m; sourceTree = "<group>"; };
		0FAC76E418AFE3350052CCC2 /* CPImagePickerCell.h */ = {isa = PBXFileReference; fileEncoding = 4; lastKnownFileType = sourcecode.c.h; name = CPImagePickerCell.h; path = UI/items/CPImagePickerCell.h; sourceTree = "<group>"; };
		0FAC76E518AFE3350052CCC2 /* CPImagePickerCell.m */ = {isa = PBXFileReference; fileEncoding = 4; lastKnownFileType = sourcecode.c.objc; name = CPImagePickerCell.m; path = UI/items/CPImagePickerCell.m; sourceTree = "<group>"; };
		0FB1A9E318869AFC00F6B0AD /* CPNetworkManager.h */ = {isa = PBXFileReference; fileEncoding = 4; lastKnownFileType = sourcecode.c.h; name = CPNetworkManager.h; path = network/CPNetworkManager.h; sourceTree = "<group>"; };
		0FB1A9E418869AFC00F6B0AD /* CPNetworkManager.m */ = {isa = PBXFileReference; fileEncoding = 4; lastKnownFileType = sourcecode.c.objc; name = CPNetworkManager.m; path = network/CPNetworkManager.m; sourceTree = "<group>"; };
		0FB1A9E71886B23400F6B0AD /* recommend_1.jpg */ = {isa = PBXFileReference; lastKnownFileType = image.jpeg; name = recommend_1.jpg; path = resources/images/preDIsplay/recommend_1.jpg; sourceTree = "<group>"; };
		0FB1A9E81886B23400F6B0AD /* recommend_2.jpg */ = {isa = PBXFileReference; lastKnownFileType = image.jpeg; name = recommend_2.jpg; path = resources/images/preDIsplay/recommend_2.jpg; sourceTree = "<group>"; };
		0FB1A9E91886B23400F6B0AD /* recommend_3.jpg */ = {isa = PBXFileReference; lastKnownFileType = image.jpeg; name = recommend_3.jpg; path = resources/images/preDIsplay/recommend_3.jpg; sourceTree = "<group>"; };
		0FB1A9EA1886B23400F6B0AD /* recommend_4.jpg */ = {isa = PBXFileReference; lastKnownFileType = image.jpeg; name = recommend_4.jpg; path = resources/images/preDIsplay/recommend_4.jpg; sourceTree = "<group>"; };
		0FB1A9EB1886B23400F6B0AD /* recommend_5.png */ = {isa = PBXFileReference; lastKnownFileType = image.png; name = recommend_5.png; path = resources/images/preDIsplay/recommend_5.png; sourceTree = "<group>"; };
		0FB1A9F21886BAB800F6B0AD /* btn_down.png */ = {isa = PBXFileReference; lastKnownFileType = image.png; name = btn_down.png; path = resources/images/buttons/btn_down.png; sourceTree = "<group>"; };
		0FB1A9F31886BAB800F6B0AD /* btn_up.png */ = {isa = PBXFileReference; lastKnownFileType = image.png; name = btn_up.png; path = resources/images/buttons/btn_up.png; sourceTree = "<group>"; };
		BC3EF64F18EFB59800E9A416 /* NSData+MKBase64.h */ = {isa = PBXFileReference; fileEncoding = 4; lastKnownFileType = sourcecode.c.h; path = "NSData+MKBase64.h"; sourceTree = "<group>"; };
		BC3EF65018EFB59800E9A416 /* NSData+MKBase64.m */ = {isa = PBXFileReference; fileEncoding = 4; lastKnownFileType = sourcecode.c.objc; path = "NSData+MKBase64.m"; sourceTree = "<group>"; };
		BC3EF65118EFB59800E9A416 /* NSDate+RFC1123.h */ = {isa = PBXFileReference; fileEncoding = 4; lastKnownFileType = sourcecode.c.h; path = "NSDate+RFC1123.h"; sourceTree = "<group>"; };
		BC3EF65218EFB59800E9A416 /* NSDate+RFC1123.m */ = {isa = PBXFileReference; fileEncoding = 4; lastKnownFileType = sourcecode.c.objc; path = "NSDate+RFC1123.m"; sourceTree = "<group>"; };
		BC3EF65318EFB59800E9A416 /* NSDictionary+RequestEncoding.h */ = {isa = PBXFileReference; fileEncoding = 4; lastKnownFileType = sourcecode.c.h; path = "NSDictionary+RequestEncoding.h"; sourceTree = "<group>"; };
		BC3EF65418EFB59800E9A416 /* NSDictionary+RequestEncoding.m */ = {isa = PBXFileReference; fileEncoding = 4; lastKnownFileType = sourcecode.c.objc; path = "NSDictionary+RequestEncoding.m"; sourceTree = "<group>"; };
		BC3EF65518EFB59800E9A416 /* NSString+MKNetworkKitAdditions.h */ = {isa = PBXFileReference; fileEncoding = 4; lastKnownFileType = sourcecode.c.h; path = "NSString+MKNetworkKitAdditions.h"; sourceTree = "<group>"; };
		BC3EF65618EFB59800E9A416 /* NSString+MKNetworkKitAdditions.m */ = {isa = PBXFileReference; fileEncoding = 4; lastKnownFileType = sourcecode.c.objc; path = "NSString+MKNetworkKitAdditions.m"; sourceTree = "<group>"; };
		BC3EF65718EFB59800E9A416 /* UIAlertView+MKNetworkKitAdditions.h */ = {isa = PBXFileReference; fileEncoding = 4; lastKnownFileType = sourcecode.c.h; path = "UIAlertView+MKNetworkKitAdditions.h"; sourceTree = "<group>"; };
		BC3EF65818EFB59800E9A416 /* UIAlertView+MKNetworkKitAdditions.m */ = {isa = PBXFileReference; fileEncoding = 4; lastKnownFileType = sourcecode.c.objc; path = "UIAlertView+MKNetworkKitAdditions.m"; sourceTree = "<group>"; };
		BC3EF65918EFB59800E9A416 /* UIButton+MKNetworkKitAdditions_Kevincao.h */ = {isa = PBXFileReference; fileEncoding = 4; lastKnownFileType = sourcecode.c.h; path = "UIButton+MKNetworkKitAdditions_Kevincao.h"; sourceTree = "<group>"; };
		BC3EF65A18EFB59800E9A416 /* UIButton+MKNetworkKitAdditions_Kevincao.m */ = {isa = PBXFileReference; fileEncoding = 4; lastKnownFileType = sourcecode.c.objc; path = "UIButton+MKNetworkKitAdditions_Kevincao.m"; sourceTree = "<group>"; };
		BC3EF65B18EFB59800E9A416 /* UIImageView+MKNetworkKitAdditions.h */ = {isa = PBXFileReference; fileEncoding = 4; lastKnownFileType = sourcecode.c.h; path = "UIImageView+MKNetworkKitAdditions.h"; sourceTree = "<group>"; };
		BC3EF65C18EFB59800E9A416 /* UIImageView+MKNetworkKitAdditions.m */ = {isa = PBXFileReference; fileEncoding = 4; lastKnownFileType = sourcecode.c.objc; path = "UIImageView+MKNetworkKitAdditions.m"; sourceTree = "<group>"; };
		BC3EF65D18EFB59800E9A416 /* UIImageView+MKNetworkKitAdditions_johankool.h */ = {isa = PBXFileReference; fileEncoding = 4; lastKnownFileType = sourcecode.c.h; path = "UIImageView+MKNetworkKitAdditions_johankool.h"; sourceTree = "<group>"; };
		BC3EF65E18EFB59800E9A416 /* UIImageView+MKNetworkKitAdditions_johankool.m */ = {isa = PBXFileReference; fileEncoding = 4; lastKnownFileType = sourcecode.c.objc; path = "UIImageView+MKNetworkKitAdditions_johankool.m"; sourceTree = "<group>"; };
		BC3EF65F18EFB59800E9A416 /* MKNetworkEngine.h */ = {isa = PBXFileReference; fileEncoding = 4; lastKnownFileType = sourcecode.c.h; path = MKNetworkEngine.h; sourceTree = "<group>"; };
		BC3EF66018EFB59800E9A416 /* MKNetworkEngine.m */ = {isa = PBXFileReference; fileEncoding = 4; lastKnownFileType = sourcecode.c.objc; path = MKNetworkEngine.m; sourceTree = "<group>"; };
		BC3EF66118EFB59800E9A416 /* MKNetworkKit.h */ = {isa = PBXFileReference; fileEncoding = 4; lastKnownFileType = sourcecode.c.h; path = MKNetworkKit.h; sourceTree = "<group>"; };
		BC3EF66218EFB59800E9A416 /* MKNetworkOperation.h */ = {isa = PBXFileReference; fileEncoding = 4; lastKnownFileType = sourcecode.c.h; path = MKNetworkOperation.h; sourceTree = "<group>"; };
		BC3EF66318EFB59800E9A416 /* MKNetworkOperation.m */ = {isa = PBXFileReference; fileEncoding = 4; lastKnownFileType = sourcecode.c.objc; path = MKNetworkOperation.m; sourceTree = "<group>"; };
		BC3EF66518EFB59800E9A416 /* Reachability.h */ = {isa = PBXFileReference; fileEncoding = 4; lastKnownFileType = sourcecode.c.h; path = Reachability.h; sourceTree = "<group>"; };
		BC3EF66618EFB59800E9A416 /* Reachability.m */ = {isa = PBXFileReference; fileEncoding = 4; lastKnownFileType = sourcecode.c.objc; path = Reachability.m; sourceTree = "<group>"; };
/* End PBXFileReference section */

/* Begin PBXFrameworksBuildPhase section */
		0FA93A06187AC03900A954CF /* Frameworks */ = {
			isa = PBXFrameworksBuildPhase;
			buildActionMask = 2147483647;
			files = (
				0F47D7D818AB099D001717EC /* libsqlite3.dylib in Frameworks */,
				0F3F70DF1893AC52005D53B9 /* CoreLocation.framework in Frameworks */,
				0FA93A0F187AC03900A954CF /* CoreGraphics.framework in Frameworks */,
				0FA93A11187AC03900A954CF /* UIKit.framework in Frameworks */,
				0FA93A0D187AC03900A954CF /* Foundation.framework in Frameworks */,
			);
			runOnlyForDeploymentPostprocessing = 0;
		};
/* End PBXFrameworksBuildPhase section */

/* Begin PBXGroup section */
		0F008A1A18C1959C004CE84E /* DB */ = {
			isa = PBXGroup;
			children = (
				0F008A1B18C195AE004CE84E /* beaver.sqlite */,
			);
			name = DB;
			sourceTree = "<group>";
		};
		0F0B117E188B7E1000CC376E /* sysIcon */ = {
			isa = PBXGroup;
			children = (
				0F0B117F188B7E2A00CC376E /* Default.png */,
			);
			name = sysIcon;
			sourceTree = "<group>";
		};
		0F224419188E7C1200272B86 /* menu */ = {
			isa = PBXGroup;
			children = (
				0F22441A188E7C5000272B86 /* WLSideMenuItem.h */,
				0F22441B188E7C5000272B86 /* WLSideMenuItem.m */,
				0F22441C188E7C5000272B86 /* WLSideMenuViewController.h */,
				0F22441D188E7C5000272B86 /* WLSideMenuViewController.m */,
				0F72FFA0189262840072A4CD /* WLMenuViewController.h */,
				0F72FFA1189262840072A4CD /* WLMenuViewController.m */,
			);
			name = menu;
			sourceTree = "<group>";
		};
		0F224420188E83EF00272B86 /* store */ = {
			isa = PBXGroup;
			children = (
				0F32DF9C187D682B0090B681 /* CPStoreViewController.h */,
				0F32DF9D187D682B0090B681 /* CPStoreViewController.m */,
				0F3F70DB1893759C005D53B9 /* CPStoreInfoViewController.h */,
				0F3F70DC1893759C005D53B9 /* CPStoreInfoViewController.m */,
				0F28BC8D18A8E4C7002C9036 /* CPGoodsInfoViewController.h */,
				0F28BC8E18A8E4C7002C9036 /* CPGoodsInfoViewController.m */,
				0F00BE0818AE0F6600D2C630 /* CPCategoryViewController.h */,
				0F00BE0918AE0F6600D2C630 /* CPCategoryViewController.m */,
			);
			name = store;
			sourceTree = "<group>";
		};
		0F224421188E848C00272B86 /* business */ = {
			isa = PBXGroup;
			children = (
				0F224422188E84CB00272B86 /* CPBusinessViewController.h */,
				0F224423188E84CB00272B86 /* CPBusinessViewController.m */,
				0F0E8A5F18B9D55A008CE3D8 /* CPOrderMangerViewController.h */,
				0F0E8A6018B9D55A008CE3D8 /* CPOrderMangerViewController.m */,
			);
			name = business;
			sourceTree = "<group>";
		};
		0F2496C61880E752009D22F6 /* openSource */ = {
			isa = PBXGroup;
			children = (
				0F2496C71880E780009D22F6 /* SBJson */,
			);
			name = openSource;
			sourceTree = "<group>";
		};
		0F2496C71880E780009D22F6 /* SBJson */ = {
			isa = PBXGroup;
			children = (
				0F2496C81880E793009D22F6 /* NSObject+UPJSON.h */,
				0F2496C91880E793009D22F6 /* NSObject+UPJSON.m */,
				0F2496CA1880E793009D22F6 /* NSString+UPJSON.h */,
				0F2496CB1880E793009D22F6 /* NSString+UPJSON.m */,
				0F2496CC1880E793009D22F6 /* UPJSON.h */,
				0F2496CD1880E793009D22F6 /* UPJSON.m */,
				0F2496CE1880E793009D22F6 /* UPJsonBase.h */,
				0F2496CF1880E793009D22F6 /* UPJsonBase.m */,
				0F2496D01880E793009D22F6 /* UPJsonParser.h */,
				0F2496D11880E793009D22F6 /* UPJsonParser.m */,
				0F2496D21880E793009D22F6 /* UPJsonService.h */,
				0F2496D31880E793009D22F6 /* UPJsonService.m */,
				0F2496D41880E793009D22F6 /* UPJsonWriter.h */,
				0F2496D51880E793009D22F6 /* UPJsonWriter.m */,
			);
			name = SBJson;
			sourceTree = "<group>";
		};
		0F2496DD1880E7E9009D22F6 /* network */ = {
			isa = PBXGroup;
			children = (
				0FB1A9E318869AFC00F6B0AD /* CPNetworkManager.h */,
				0FB1A9E418869AFC00F6B0AD /* CPNetworkManager.m */,
			);
			name = network;
			sourceTree = "<group>";
		};
		0F2496E618812CCF009D22F6 /* animations */ = {
			isa = PBXGroup;
			children = (
				0F2496E718812D0F009D22F6 /* CPViewAnimations.h */,
				0F2496E818812D0F009D22F6 /* CPViewAnimations.m */,
			);
			name = animations;
			sourceTree = "<group>";
		};
		0F2496EA18812FE2009D22F6 /* display */ = {
			isa = PBXGroup;
			children = (
				0F0B1181188B8B1D00CC376E /* File7.jpg */,
				0FB1A9E71886B23400F6B0AD /* recommend_1.jpg */,
				0FB1A9E81886B23400F6B0AD /* recommend_2.jpg */,
				0FB1A9E91886B23400F6B0AD /* recommend_3.jpg */,
				0FB1A9EA1886B23400F6B0AD /* recommend_4.jpg */,
				0FB1A9EB1886B23400F6B0AD /* recommend_5.png */,
				0F2496ED188130C5009D22F6 /* Display.png */,
			);
			name = display;
			sourceTree = "<group>";
		};
		0F32DF98187D67AB0090B681 /* UI */ = {
			isa = PBXGroup;
			children = (
				0F72FF9C189258F70072A4CD /* more */,
				0F224421188E848C00272B86 /* business */,
				0F224420188E83EF00272B86 /* store */,
				0F32DFAE187D6CF00090B681 /* Account */,
				0F224419188E7C1200272B86 /* menu */,
				0F2496E618812CCF009D22F6 /* animations */,
				0F566E21187EBB9F00A17FBF /* items */,
				0F32DF99187D68100090B681 /* CPBaseViewController.h */,
				0F32DF9A187D68100090B681 /* CPBaseViewController.m */,
				0F32DF9F187D6A3D0090B681 /* CPADPresentationViewController.h */,
				0F32DFA0187D6A3D0090B681 /* CPADPresentationViewController.m */,
				0F3F70E01893B657005D53B9 /* CPImagePickerViewController.h */,
				0F3F70E11893B657005D53B9 /* CPImagePickerViewController.m */,
			);
			name = UI;
			sourceTree = "<group>";
		};
		0F32DFAE187D6CF00090B681 /* Account */ = {
			isa = PBXGroup;
			children = (
				0F32DFA2187D6B9E0090B681 /* CPLoginViewController.h */,
				0F32DFA3187D6B9E0090B681 /* CPLoginViewController.m */,
				0F32DFA5187D6C1D0090B681 /* CPRegisterViewController.h */,
				0F32DFA6187D6C1D0090B681 /* CPRegisterViewController.m */,
				0F32DFA8187D6C9C0090B681 /* CPResetPWDViewController.h */,
				0F32DFA9187D6C9C0090B681 /* CPResetPWDViewController.m */,
				0F32DFAB187D6CC70090B681 /* CPGetBackPWDViewController.h */,
				0F32DFAC187D6CC70090B681 /* CPGetBackPWDViewController.m */,
				0F224425188E87F700272B86 /* CPAccountManagerViewController.h */,
				0F224426188E87F700272B86 /* CPAccountManagerViewController.m */,
			);
			name = Account;
			sourceTree = "<group>";
		};
		0F32DFAF187D6EB60090B681 /* resource */ = {
			isa = PBXGroup;
			children = (
				0F008A1A18C1959C004CE84E /* DB */,
				0F32DFB4187D6F290090B681 /* docs */,
				0F32DFB2187D6F180090B681 /* images */,
			);
			name = resource;
			sourceTree = "<group>";
		};
		0F32DFB2187D6F180090B681 /* images */ = {
			isa = PBXGroup;
			children = (
				0F0B117E188B7E1000CC376E /* sysIcon */,
				0FB1A9F11886BA6300F6B0AD /* buttons */,
				0F2496EA18812FE2009D22F6 /* display */,
				0F32DFB3187D6F200090B681 /* bars */,
			);
			name = images;
			sourceTree = "<group>";
		};
		0F32DFB3187D6F200090B681 /* bars */ = {
			isa = PBXGroup;
			children = (
				0F390E5C1888009C00CA4C9A /* top_navigation_background.png */,
				0F390E4E1887FE2600CA4C9A /* top_navigation_back_highlighted.png */,
				0F390E4F1887FE2600CA4C9A /* top_navigation_back.png */,
				0F390E501887FE2600CA4C9A /* top_navigation_infoicon_highlighted.png */,
				0F390E511887FE2600CA4C9A /* top_navigation_infoicon.png */,
				0F390E521887FE2600CA4C9A /* top_navigation_menuicon_highlighted.png */,
				0F390E531887FE2600CA4C9A /* top_navigation_menuicon.png */,
				0F32DFB0187D6F010090B681 /* NavigationBarBG.png */,
			);
			name = bars;
			sourceTree = "<group>";
		};
		0F32DFB4187D6F290090B681 /* docs */ = {
			isa = PBXGroup;
			children = (
				0F32DFB5187D6F390090B681 /* CPStringLocalizer.plist */,
				0F32DFB7187D70890090B681 /* CPImageResource.plist */,
			);
			name = docs;
			sourceTree = "<group>";
		};
		0F32DFB9187D74330090B681 /* config */ = {
			isa = PBXGroup;
			children = (
				0F32DFBA187D74670090B681 /* CPConstDefine.h */,
				0F32DFBB187D77A50090B681 /* CPResourceManager.h */,
				0F32DFBC187D77A50090B681 /* CPResourceManager.m */,
				0F72FF9B18924D940072A4CD /* CPServerAdressDefine.h */,
				0F008A2018C19C59004CE84E /* CPUtility.h */,
			);
			name = config;
			sourceTree = "<group>";
		};
		0F32DFBE187D81800090B681 /* utility */ = {
			isa = PBXGroup;
			children = (
				0F32DFBF187D81CF0090B681 /* CPBackgroundDowner.h */,
				0F32DFC0187D81CF0090B681 /* CPBackgroundDowner.m */,
				0F566E25187EC86200A17FBF /* CPValueUtility.h */,
				0F566E26187EC86200A17FBF /* CPValueUtility.m */,
				0F5AACAA18840834009FA46C /* CPViewTools.h */,
				0F5AACAB18840834009FA46C /* CPViewTools.m */,
				0F47D7D918AB0A7E001717EC /* CPDataBaseManager.h */,
				0F47D7DA18AB0A7E001717EC /* CPDataBaseManager.m */,
			);
			name = utility;
			sourceTree = "<group>";
		};
		0F566E21187EBB9F00A17FBF /* items */ = {
			isa = PBXGroup;
			children = (
				0F00BE0518AE008A00D2C630 /* CPUnderLineButton.h */,
				0F00BE0618AE008A00D2C630 /* CPUnderLineButton.m */,
				0F566E22187EBC1300A17FBF /* CPCocoaSubViews.h */,
				0F566E23187EBC1300A17FBF /* CPCocoaSubViews.m */,
				0F2496E3188123E8009D22F6 /* CPPreDisplayArea.h */,
				0F2496E4188123E8009D22F6 /* CPPreDisplayArea.m */,
				0F0B1183188BC22F00CC376E /* CPAlertView.h */,
				0F0B1184188BC22F00CC376E /* CPAlertView.m */,
				0F1E38AC18910E7C0034E2E7 /* CPToast.h */,
				0F1E38AD18910E7C0034E2E7 /* CPToast.m */,
				0FAC76DE18AFDE6B0052CCC2 /* CPGoodsDetailCell.h */,
				0FAC76DF18AFDE6B0052CCC2 /* CPGoodsDetailCell.m */,
				0FAC76E118AFE1A20052CCC2 /* CPAddGoodsCell.h */,
				0FAC76E218AFE1A20052CCC2 /* CPAddGoodsCell.m */,
				0FAC76E418AFE3350052CCC2 /* CPImagePickerCell.h */,
				0FAC76E518AFE3350052CCC2 /* CPImagePickerCell.m */,
				0F0BE97218B06AA000CB7D86 /* CPGoodsCollection.h */,
				0F0BE97318B06AA000CB7D86 /* CPGoodsCollection.m */,
				0F23ACA518B6F4E500E32191 /* CPTextField.h */,
				0F23ACA618B6F4E500E32191 /* CPTextField.m */,
				0F0E8A5C18B9C9D5008CE3D8 /* CPGoodsCountIndicator.h */,
				0F0E8A5D18B9C9D5008CE3D8 /* CPGoodsCountIndicator.m */,
				0F008A1D18C196CC004CE84E /* CPGoodsCategoryCell.h */,
				0F008A1E18C196CC004CE84E /* CPGoodsCategoryCell.m */,
			);
			name = items;
			sourceTree = "<group>";
		};
		0F72FF9C189258F70072A4CD /* more */ = {
			isa = PBXGroup;
			children = (
				0F72FF9D189259610072A4CD /* CPMoreViewController.h */,
				0F72FF9E189259610072A4CD /* CPMoreViewController.m */,
			);
			name = more;
			sourceTree = "<group>";
		};
		0FA93A00187AC03900A954CF = {
			isa = PBXGroup;
			children = (
				0FA93A12187AC03900A954CF /* Cashier */,
				0FA93A34187AC03A00A954CF /* CashierTests */,
				0FA93A0B187AC03900A954CF /* Frameworks */,
				0FA93A0A187AC03900A954CF /* Products */,
			);
			sourceTree = "<group>";
		};
		0FA93A0A187AC03900A954CF /* Products */ = {
			isa = PBXGroup;
			children = (
				0FA93A09187AC03900A954CF /* Cashier.app */,
			);
			name = Products;
			sourceTree = "<group>";
		};
		0FA93A0B187AC03900A954CF /* Frameworks */ = {
			isa = PBXGroup;
			children = (
				0F47D7D718AB099D001717EC /* libsqlite3.dylib */,
				0F3F70DE1893AC52005D53B9 /* CoreLocation.framework */,
				0FA93A0C187AC03900A954CF /* Foundation.framework */,
				0FA93A0E187AC03900A954CF /* CoreGraphics.framework */,
				0FA93A10187AC03900A954CF /* UIKit.framework */,
				0FA93A2E187AC03A00A954CF /* XCTest.framework */,
			);
			name = Frameworks;
			sourceTree = "<group>";
		};
		0FA93A12187AC03900A954CF /* Cashier */ = {
			isa = PBXGroup;
			children = (
				BC3EF64D18EFB59800E9A416 /* MKNetworkKit */,
				0F2496DD1880E7E9009D22F6 /* network */,
				0F2496C61880E752009D22F6 /* openSource */,
				0F32DFBE187D81800090B681 /* utility */,
				0F32DFB9187D74330090B681 /* config */,
				0F32DFAF187D6EB60090B681 /* resource */,
				0F32DF98187D67AB0090B681 /* UI */,
				0FA93A1B187AC03900A954CF /* CPAppDelegate.h */,
				0FA93A1C187AC03900A954CF /* CPAppDelegate.m */,
				0FA93A27187AC03900A954CF /* Images.xcassets */,
				0FA93A13187AC03900A954CF /* Supporting Files */,
			);
			path = Cashier;
			sourceTree = "<group>";
		};
		0FA93A13187AC03900A954CF /* Supporting Files */ = {
			isa = PBXGroup;
			children = (
				0FA93A14187AC03900A954CF /* Cashier-Info.plist */,
				0FA93A15187AC03900A954CF /* InfoPlist.strings */,
				0FA93A18187AC03900A954CF /* main.m */,
				0FA93A1A187AC03900A954CF /* Cashier-Prefix.pch */,
			);
			name = "Supporting Files";
			sourceTree = "<group>";
		};
		0FA93A34187AC03A00A954CF /* CashierTests */ = {
			isa = PBXGroup;
			children = (
				0FA93A3A187AC03A00A954CF /* CashierTests.m */,
				0FA93A35187AC03A00A954CF /* Supporting Files */,
			);
			path = CashierTests;
			sourceTree = "<group>";
		};
		0FA93A35187AC03A00A954CF /* Supporting Files */ = {
			isa = PBXGroup;
			children = (
				0FA93A36187AC03A00A954CF /* CashierTests-Info.plist */,
				0FA93A37187AC03A00A954CF /* InfoPlist.strings */,
			);
			name = "Supporting Files";
			sourceTree = "<group>";
		};
		0FB1A9F11886BA6300F6B0AD /* buttons */ = {
			isa = PBXGroup;
			children = (
				0F12FC5618D582F4000895C4 /* add.png */,
				0F12FC5718D582F4000895C4 /* cut.png */,
				0F12FC5818D582F4000895C4 /* delete.png */,
				0F0F289418C7461000A517EC /* grayBtn.png */,
				0F0F289518C7461000A517EC /* greenBtn.png */,
				0FB1A9F21886BAB800F6B0AD /* btn_down.png */,
				0FB1A9F31886BAB800F6B0AD /* btn_up.png */,
			);
			name = buttons;
			sourceTree = "<group>";
		};
		BC3EF64D18EFB59800E9A416 /* MKNetworkKit */ = {
			isa = PBXGroup;
			children = (
				BC3EF64E18EFB59800E9A416 /* Categories */,
				BC3EF65F18EFB59800E9A416 /* MKNetworkEngine.h */,
				BC3EF66018EFB59800E9A416 /* MKNetworkEngine.m */,
				BC3EF66118EFB59800E9A416 /* MKNetworkKit.h */,
				BC3EF66218EFB59800E9A416 /* MKNetworkOperation.h */,
				BC3EF66318EFB59800E9A416 /* MKNetworkOperation.m */,
				BC3EF66418EFB59800E9A416 /* Reachability */,
			);
			name = MKNetworkKit;
			path = 3rdParty/MKNetworkKit;
			sourceTree = "<group>";
		};
		BC3EF64E18EFB59800E9A416 /* Categories */ = {
			isa = PBXGroup;
			children = (
				BC3EF64F18EFB59800E9A416 /* NSData+MKBase64.h */,
				BC3EF65018EFB59800E9A416 /* NSData+MKBase64.m */,
				BC3EF65118EFB59800E9A416 /* NSDate+RFC1123.h */,
				BC3EF65218EFB59800E9A416 /* NSDate+RFC1123.m */,
				BC3EF65318EFB59800E9A416 /* NSDictionary+RequestEncoding.h */,
				BC3EF65418EFB59800E9A416 /* NSDictionary+RequestEncoding.m */,
				BC3EF65518EFB59800E9A416 /* NSString+MKNetworkKitAdditions.h */,
				BC3EF65618EFB59800E9A416 /* NSString+MKNetworkKitAdditions.m */,
				BC3EF65718EFB59800E9A416 /* UIAlertView+MKNetworkKitAdditions.h */,
				BC3EF65818EFB59800E9A416 /* UIAlertView+MKNetworkKitAdditions.m */,
				BC3EF65918EFB59800E9A416 /* UIButton+MKNetworkKitAdditions_Kevincao.h */,
				BC3EF65A18EFB59800E9A416 /* UIButton+MKNetworkKitAdditions_Kevincao.m */,
				BC3EF65B18EFB59800E9A416 /* UIImageView+MKNetworkKitAdditions.h */,
				BC3EF65C18EFB59800E9A416 /* UIImageView+MKNetworkKitAdditions.m */,
				BC3EF65D18EFB59800E9A416 /* UIImageView+MKNetworkKitAdditions_johankool.h */,
				BC3EF65E18EFB59800E9A416 /* UIImageView+MKNetworkKitAdditions_johankool.m */,
			);
			path = Categories;
			sourceTree = "<group>";
		};
		BC3EF66418EFB59800E9A416 /* Reachability */ = {
			isa = PBXGroup;
			children = (
				BC3EF66518EFB59800E9A416 /* Reachability.h */,
				BC3EF66618EFB59800E9A416 /* Reachability.m */,
			);
			path = Reachability;
			sourceTree = "<group>";
		};
/* End PBXGroup section */

/* Begin PBXNativeTarget section */
		0FA93A08187AC03900A954CF /* Cashier */ = {
			isa = PBXNativeTarget;
			buildConfigurationList = 0FA93A3E187AC03A00A954CF /* Build configuration list for PBXNativeTarget "Cashier" */;
			buildPhases = (
				0FA93A05187AC03900A954CF /* Sources */,
				0FA93A06187AC03900A954CF /* Frameworks */,
				0FA93A07187AC03900A954CF /* Resources */,
			);
			buildRules = (
			);
			dependencies = (
			);
			name = Cashier;
			productName = Cashier;
			productReference = 0FA93A09187AC03900A954CF /* Cashier.app */;
			productType = "com.apple.product-type.application";
		};
/* End PBXNativeTarget section */

/* Begin PBXProject section */
		0FA93A01187AC03900A954CF /* Project object */ = {
			isa = PBXProject;
			attributes = {
				CLASSPREFIX = CP;
				LastUpgradeCheck = 0510;
				ORGANIZATIONNAME = liwang;
				TargetAttributes = {
					0FA93A08187AC03900A954CF = {
						SystemCapabilities = {
							com.apple.iOS = {
								enabled = 0;
							};
						};
					};
				};
			};
			buildConfigurationList = 0FA93A04187AC03900A954CF /* Build configuration list for PBXProject "Cashier" */;
			compatibilityVersion = "Xcode 3.2";
			developmentRegion = English;
			hasScannedForEncodings = 0;
			knownRegions = (
				en,
				Base,
			);
			mainGroup = 0FA93A00187AC03900A954CF;
			productRefGroup = 0FA93A0A187AC03900A954CF /* Products */;
			projectDirPath = "";
			projectRoot = "";
			targets = (
				0FA93A08187AC03900A954CF /* Cashier */,
			);
		};
/* End PBXProject section */

/* Begin PBXResourcesBuildPhase section */
		0FA93A07187AC03900A954CF /* Resources */ = {
			isa = PBXResourcesBuildPhase;
			buildActionMask = 2147483647;
			files = (
				0F390E571887FE2600CA4C9A /* top_navigation_infoicon_highlighted.png in Resources */,
				0F32DFB1187D6F010090B681 /* NavigationBarBG.png in Resources */,
				0FB1A9ED1886B23400F6B0AD /* recommend_2.jpg in Resources */,
				0FA93A28187AC03900A954CF /* Images.xcassets in Resources */,
				0F12FC5B18D582F4000895C4 /* delete.png in Resources */,
				0F0B1180188B7E2A00CC376E /* Default.png in Resources */,
				0F390E5A1887FE2600CA4C9A /* top_navigation_menuicon.png in Resources */,
				0F390E5D1888009C00CA4C9A /* top_navigation_background.png in Resources */,
				0FB1A9EE1886B23400F6B0AD /* recommend_3.jpg in Resources */,
				0F2496EE188130C5009D22F6 /* Display.png in Resources */,
				0F32DFB8187D70890090B681 /* CPImageResource.plist in Resources */,
				0F390E581887FE2600CA4C9A /* top_navigation_infoicon.png in Resources */,
				0FB1A9F51886BAB800F6B0AD /* btn_up.png in Resources */,
				0F008A1C18C195AE004CE84E /* beaver.sqlite in Resources */,
				0F0F289618C7461000A517EC /* grayBtn.png in Resources */,
				0FB1A9EC1886B23400F6B0AD /* recommend_1.jpg in Resources */,
				0FB1A9EF1886B23400F6B0AD /* recommend_4.jpg in Resources */,
				0F0F289718C7461000A517EC /* greenBtn.png in Resources */,
				0FA93A17187AC03900A954CF /* InfoPlist.strings in Resources */,
				0F390E551887FE2600CA4C9A /* top_navigation_back_highlighted.png in Resources */,
				0F390E591887FE2600CA4C9A /* top_navigation_menuicon_highlighted.png in Resources */,
				0F0B1182188B8B1D00CC376E /* File7.jpg in Resources */,
				0F12FC5A18D582F4000895C4 /* cut.png in Resources */,
				0FB1A9F01886B23400F6B0AD /* recommend_5.png in Resources */,
				0FB1A9F41886BAB800F6B0AD /* btn_down.png in Resources */,
				0F32DFB6187D6F390090B681 /* CPStringLocalizer.plist in Resources */,
				0F390E561887FE2600CA4C9A /* top_navigation_back.png in Resources */,
				0F12FC5918D582F4000895C4 /* add.png in Resources */,
			);
			runOnlyForDeploymentPostprocessing = 0;
		};
/* End PBXResourcesBuildPhase section */

/* Begin PBXSourcesBuildPhase section */
		0FA93A05187AC03900A954CF /* Sources */ = {
			isa = PBXSourcesBuildPhase;
			buildActionMask = 2147483647;
			files = (
				0F32DFA1187D6A3D0090B681 /* CPADPresentationViewController.m in Sources */,
				BC3EF66F18EFB59800E9A416 /* MKNetworkEngine.m in Sources */,
				0FA93A19187AC03900A954CF /* main.m in Sources */,
				0F1E38AE18910E7C0034E2E7 /* CPToast.m in Sources */,
				0FAC76E318AFE1A20052CCC2 /* CPAddGoodsCell.m in Sources */,
				BC3EF66E18EFB59800E9A416 /* UIImageView+MKNetworkKitAdditions_johankool.m in Sources */,
				0F2496D81880E793009D22F6 /* UPJSON.m in Sources */,
				0F32DFC1187D81CF0090B681 /* CPBackgroundDowner.m in Sources */,
				0F32DFAD187D6CC70090B681 /* CPGetBackPWDViewController.m in Sources */,
				0FB1A9E518869AFC00F6B0AD /* CPNetworkManager.m in Sources */,
				BC3EF67118EFB59800E9A416 /* Reachability.m in Sources */,
				BC3EF67018EFB59800E9A416 /* MKNetworkOperation.m in Sources */,
				0FA93A1D187AC03900A954CF /* CPAppDelegate.m in Sources */,
				0F72FFA2189262840072A4CD /* WLMenuViewController.m in Sources */,
				0F22441E188E7C5000272B86 /* WLSideMenuItem.m in Sources */,
				0F5AACAC18840834009FA46C /* CPViewTools.m in Sources */,
				0F32DFA7187D6C1D0090B681 /* CPRegisterViewController.m in Sources */,
				0F23ACA718B6F4E500E32191 /* CPTextField.m in Sources */,
				0F2496E918812D0F009D22F6 /* CPViewAnimations.m in Sources */,
				BC3EF66918EFB59800E9A416 /* NSDictionary+RequestEncoding.m in Sources */,
				0F2496DA1880E793009D22F6 /* UPJsonParser.m in Sources */,
				0F0E8A6118B9D55A008CE3D8 /* CPOrderMangerViewController.m in Sources */,
				BC3EF66A18EFB59800E9A416 /* NSString+MKNetworkKitAdditions.m in Sources */,
				0F22441F188E7C5000272B86 /* WLSideMenuViewController.m in Sources */,
				0F2496D61880E793009D22F6 /* NSObject+UPJSON.m in Sources */,
				0F008A1F18C196CC004CE84E /* CPGoodsCategoryCell.m in Sources */,
				0F2496DC1880E793009D22F6 /* UPJsonWriter.m in Sources */,
				0FAC76E618AFE3350052CCC2 /* CPImagePickerCell.m in Sources */,
				0F32DFA4187D6B9E0090B681 /* CPLoginViewController.m in Sources */,
				BC3EF66818EFB59800E9A416 /* NSDate+RFC1123.m in Sources */,
				0F2496D71880E793009D22F6 /* NSString+UPJSON.m in Sources */,
				0F00BE0A18AE0F6600D2C630 /* CPCategoryViewController.m in Sources */,
				0F3F70E21893B657005D53B9 /* CPImagePickerViewController.m in Sources */,
				BC3EF66B18EFB59800E9A416 /* UIAlertView+MKNetworkKitAdditions.m in Sources */,
				0F2496E5188123E8009D22F6 /* CPPreDisplayArea.m in Sources */,
				0F72FF9F189259610072A4CD /* CPMoreViewController.m in Sources */,
				0F0E8A5E18B9C9D5008CE3D8 /* CPGoodsCountIndicator.m in Sources */,
				BC3EF66D18EFB59800E9A416 /* UIImageView+MKNetworkKitAdditions.m in Sources */,
				BC3EF66C18EFB59800E9A416 /* UIButton+MKNetworkKitAdditions_Kevincao.m in Sources */,
				BC3EF66718EFB59800E9A416 /* NSData+MKBase64.m in Sources */,
				0F47D7DB18AB0A7E001717EC /* CPDataBaseManager.m in Sources */,
				0F566E27187EC86200A17FBF /* CPValueUtility.m in Sources */,
				0F32DFAA187D6C9C0090B681 /* CPResetPWDViewController.m in Sources */,
				0F28BC8F18A8E4C7002C9036 /* CPGoodsInfoViewController.m in Sources */,
				0F566E24187EBC1300A17FBF /* CPCocoaSubViews.m in Sources */,
				0F2496D91880E793009D22F6 /* UPJsonBase.m in Sources */,
				0F0B1185188BC22F00CC376E /* CPAlertView.m in Sources */,
				0FAC76E018AFDE6B0052CCC2 /* CPGoodsDetailCell.m in Sources */,
				0F00BE0718AE008A00D2C630 /* CPUnderLineButton.m in Sources */,
				0F2496DB1880E793009D22F6 /* UPJsonService.m in Sources */,
				0F32DF9B187D68100090B681 /* CPBaseViewController.m in Sources */,
				0F224427188E87F700272B86 /* CPAccountManagerViewController.m in Sources */,
				0F32DFBD187D77A50090B681 /* CPResourceManager.m in Sources */,
				0F32DF9E187D682B0090B681 /* CPStoreViewController.m in Sources */,
				0F0BE97418B06AA000CB7D86 /* CPGoodsCollection.m in Sources */,
				0F224424188E84CB00272B86 /* CPBusinessViewController.m in Sources */,
				0F3F70DD1893759C005D53B9 /* CPStoreInfoViewController.m in Sources */,
			);
			runOnlyForDeploymentPostprocessing = 0;
		};
/* End PBXSourcesBuildPhase section */

/* Begin PBXVariantGroup section */
		0FA93A15187AC03900A954CF /* InfoPlist.strings */ = {
			isa = PBXVariantGroup;
			children = (
				0FA93A16187AC03900A954CF /* en */,
			);
			name = InfoPlist.strings;
			sourceTree = "<group>";
		};
		0FA93A37187AC03A00A954CF /* InfoPlist.strings */ = {
			isa = PBXVariantGroup;
			children = (
				0FA93A38187AC03A00A954CF /* en */,
			);
			name = InfoPlist.strings;
			sourceTree = "<group>";
		};
/* End PBXVariantGroup section */

/* Begin XCBuildConfiguration section */
		0FA93A3C187AC03A00A954CF /* Debug */ = {
			isa = XCBuildConfiguration;
			buildSettings = {
				ALWAYS_SEARCH_USER_PATHS = NO;
				CLANG_CXX_LANGUAGE_STANDARD = "compiler-default";
				CLANG_CXX_LIBRARY = "compiler-default";
				CLANG_ENABLE_MODULES = YES;
				CLANG_ENABLE_OBJC_ARC = NO;
				CLANG_WARN_BOOL_CONVERSION = YES;
				CLANG_WARN_CONSTANT_CONVERSION = YES;
				CLANG_WARN_DIRECT_OBJC_ISA_USAGE = YES_ERROR;
				CLANG_WARN_EMPTY_BODY = YES;
				CLANG_WARN_ENUM_CONVERSION = YES;
				CLANG_WARN_INT_CONVERSION = YES;
				CLANG_WARN_OBJC_ROOT_CLASS = YES_ERROR;
				CLANG_WARN__DUPLICATE_METHOD_MATCH = YES;
				"CODE_SIGN_IDENTITY[sdk=iphoneos*]" = "iPhone Developer";
				COPY_PHASE_STRIP = NO;
				GCC_C_LANGUAGE_STANDARD = gnu99;
				GCC_DYNAMIC_NO_PIC = NO;
				GCC_INPUT_FILETYPE = automatic;
				GCC_OPTIMIZATION_LEVEL = 0;
				GCC_PREPROCESSOR_DEFINITIONS = (
					"DEBUG=1",
					"$(inherited)",
				);
				GCC_SYMBOLS_PRIVATE_EXTERN = NO;
				GCC_WARN_64_TO_32_BIT_CONVERSION = YES;
				GCC_WARN_ABOUT_RETURN_TYPE = YES_ERROR;
				GCC_WARN_UNDECLARED_SELECTOR = YES;
				GCC_WARN_UNINITIALIZED_AUTOS = YES;
				GCC_WARN_UNUSED_FUNCTION = YES;
				GCC_WARN_UNUSED_VARIABLE = YES;
				IPHONEOS_DEPLOYMENT_TARGET = 5.0;
				ONLY_ACTIVE_ARCH = YES;
				SDKROOT = iphoneos;
				TARGETED_DEVICE_FAMILY = "1,2";
			};
			name = Debug;
		};
		0FA93A3D187AC03A00A954CF /* Release */ = {
			isa = XCBuildConfiguration;
			buildSettings = {
				ALWAYS_SEARCH_USER_PATHS = NO;
				CLANG_CXX_LANGUAGE_STANDARD = "compiler-default";
				CLANG_CXX_LIBRARY = "compiler-default";
				CLANG_ENABLE_MODULES = YES;
				CLANG_ENABLE_OBJC_ARC = NO;
				CLANG_WARN_BOOL_CONVERSION = YES;
				CLANG_WARN_CONSTANT_CONVERSION = YES;
				CLANG_WARN_DIRECT_OBJC_ISA_USAGE = YES_ERROR;
				CLANG_WARN_EMPTY_BODY = YES;
				CLANG_WARN_ENUM_CONVERSION = YES;
				CLANG_WARN_INT_CONVERSION = YES;
				CLANG_WARN_OBJC_ROOT_CLASS = YES_ERROR;
				CLANG_WARN__DUPLICATE_METHOD_MATCH = YES;
				"CODE_SIGN_IDENTITY[sdk=iphoneos*]" = "iPhone Developer";
				COPY_PHASE_STRIP = YES;
				ENABLE_NS_ASSERTIONS = NO;
				GCC_C_LANGUAGE_STANDARD = gnu99;
				GCC_INPUT_FILETYPE = automatic;
				GCC_WARN_64_TO_32_BIT_CONVERSION = YES;
				GCC_WARN_ABOUT_RETURN_TYPE = YES_ERROR;
				GCC_WARN_UNDECLARED_SELECTOR = YES;
				GCC_WARN_UNINITIALIZED_AUTOS = YES;
				GCC_WARN_UNUSED_FUNCTION = YES;
				GCC_WARN_UNUSED_VARIABLE = YES;
				IPHONEOS_DEPLOYMENT_TARGET = 5.0;
				SDKROOT = iphoneos;
				TARGETED_DEVICE_FAMILY = "1,2";
				VALIDATE_PRODUCT = YES;
			};
			name = Release;
		};
		0FA93A3F187AC03A00A954CF /* Debug */ = {
			isa = XCBuildConfiguration;
			buildSettings = {
				ARCHS = "$(ARCHS_STANDARD_32_BIT)";
				ASSETCATALOG_COMPILER_APPICON_NAME = AppIcon;
				ASSETCATALOG_COMPILER_LAUNCHIMAGE_NAME = LaunchImage;
				CODE_SIGN_IDENTITY = "iPhone Developer";
				GCC_INPUT_FILETYPE = automatic;
				GCC_PRECOMPILE_PREFIX_HEADER = YES;
				GCC_PREFIX_HEADER = "Cashier/Cashier-Prefix.pch";
				INFOPLIST_FILE = "Cashier/Cashier-Info.plist";
				PRODUCT_NAME = "$(TARGET_NAME)";
				VALID_ARCHS = "armv7 armv7s";
				WRAPPER_EXTENSION = app;
			};
			name = Debug;
		};
		0FA93A40187AC03A00A954CF /* Release */ = {
			isa = XCBuildConfiguration;
			buildSettings = {
				ARCHS = "$(ARCHS_STANDARD_32_BIT)";
				ASSETCATALOG_COMPILER_APPICON_NAME = AppIcon;
				ASSETCATALOG_COMPILER_LAUNCHIMAGE_NAME = LaunchImage;
				CODE_SIGN_IDENTITY = "iPhone Developer";
				GCC_INPUT_FILETYPE = automatic;
				GCC_PRECOMPILE_PREFIX_HEADER = YES;
				GCC_PREFIX_HEADER = "Cashier/Cashier-Prefix.pch";
				INFOPLIST_FILE = "Cashier/Cashier-Info.plist";
				PRODUCT_NAME = "$(TARGET_NAME)";
				VALID_ARCHS = "armv7 armv7s";
				WRAPPER_EXTENSION = app;
			};
			name = Release;
		};
/* End XCBuildConfiguration section */

/* Begin XCConfigurationList section */
		0FA93A04187AC03900A954CF /* Build configuration list for PBXProject "Cashier" */ = {
			isa = XCConfigurationList;
			buildConfigurations = (
				0FA93A3C187AC03A00A954CF /* Debug */,
				0FA93A3D187AC03A00A954CF /* Release */,
			);
			defaultConfigurationIsVisible = 0;
			defaultConfigurationName = Release;
		};
		0FA93A3E187AC03A00A954CF /* Build configuration list for PBXNativeTarget "Cashier" */ = {
			isa = XCConfigurationList;
			buildConfigurations = (
				0FA93A3F187AC03A00A954CF /* Debug */,
				0FA93A40187AC03A00A954CF /* Release */,
			);
			defaultConfigurationIsVisible = 0;
			defaultConfigurationName = Release;
		};
/* End XCConfigurationList section */
	};
	rootObject = 0FA93A01187AC03900A954CF /* Project object */;
}
